// !$*UTF8*$!
{
	archiveVersion = 1;
	classes = {
	};
	objectVersion = 50;
	objects = {

/* Begin PBXBuildFile section */
		88400F7C238B80FC00FA28E7 /* SensorsAnalyticsFileStore.h in Headers */ = {isa = PBXBuildFile; fileRef = 88400F7A238B80FC00FA28E7 /* SensorsAnalyticsFileStore.h */; };
		88400F7D238B80FC00FA28E7 /* SensorsAnalyticsFileStore.m in Sources */ = {isa = PBXBuildFile; fileRef = 88400F7B238B80FC00FA28E7 /* SensorsAnalyticsFileStore.m */; };
		88400F80238B865500FA28E7 /* SensorsAnalyticsDatabase.h in Headers */ = {isa = PBXBuildFile; fileRef = 88400F7E238B865500FA28E7 /* SensorsAnalyticsDatabase.h */; };
		88400F81238B865500FA28E7 /* SensorsAnalyticsDatabase.m in Sources */ = {isa = PBXBuildFile; fileRef = 88400F7F238B865500FA28E7 /* SensorsAnalyticsDatabase.m */; };
		88400F84238BAA2300FA28E7 /* SensorsAnalyticsNetwork.h in Headers */ = {isa = PBXBuildFile; fileRef = 88400F82238BAA2300FA28E7 /* SensorsAnalyticsNetwork.h */; };
		88400F85238BAA2300FA28E7 /* SensorsAnalyticsNetwork.m in Sources */ = {isa = PBXBuildFile; fileRef = 88400F83238BAA2300FA28E7 /* SensorsAnalyticsNetwork.m */; };
		88400F88238BB99600FA28E7 /* SensorsAnalyticsExceptionHandler.h in Headers */ = {isa = PBXBuildFile; fileRef = 88400F86238BB99600FA28E7 /* SensorsAnalyticsExceptionHandler.h */; };
		88400F89238BB99600FA28E7 /* SensorsAnalyticsExceptionHandler.m in Sources */ = {isa = PBXBuildFile; fileRef = 88400F87238BB99600FA28E7 /* SensorsAnalyticsExceptionHandler.m */; };
		88400FA2238BD70400FA28E7 /* SensorsAnalyticsExtensionDataManager.h in Headers */ = {isa = PBXBuildFile; fileRef = 88400FA0238BD70400FA28E7 /* SensorsAnalyticsExtensionDataManager.h */; };
		88400FA3238BD70400FA28E7 /* SensorsAnalyticsExtensionDataManager.m in Sources */ = {isa = PBXBuildFile; fileRef = 88400FA1238BD70400FA28E7 /* SensorsAnalyticsExtensionDataManager.m */; };
		88400FD9238BD81100FA28E7 /* SensorsAppExtensionSDK.h in Headers */ = {isa = PBXBuildFile; fileRef = 88400FCB238BD81000FA28E7 /* SensorsAppExtensionSDK.h */; settings = {ATTRIBUTES = (Public, ); }; };
		88400FE0238BD82A00FA28E7 /* SensorsAnalyticsExtensionDataManager.m in Sources */ = {isa = PBXBuildFile; fileRef = 88400FA1238BD70400FA28E7 /* SensorsAnalyticsExtensionDataManager.m */; };
		88400FE1238BD83200FA28E7 /* SensorsAnalyticsExtensionDataManager.h in Headers */ = {isa = PBXBuildFile; fileRef = 88400FA0238BD70400FA28E7 /* SensorsAnalyticsExtensionDataManager.h */; settings = {ATTRIBUTES = (Public, ); }; };
		8871A08E2382A1D200B575EF /* NSObject+SASwizzler.h in Headers */ = {isa = PBXBuildFile; fileRef = 8871A08C2382A1D200B575EF /* NSObject+SASwizzler.h */; };
		8871A08F2382A1D200B575EF /* NSObject+SASwizzler.m in Sources */ = {isa = PBXBuildFile; fileRef = 8871A08D2382A1D200B575EF /* NSObject+SASwizzler.m */; };
		8871A0922382A84D00B575EF /* UIViewController+SensorsData.h in Headers */ = {isa = PBXBuildFile; fileRef = 8871A0902382A84D00B575EF /* UIViewController+SensorsData.h */; };
		8871A0932382A84D00B575EF /* UIViewController+SensorsData.m in Sources */ = {isa = PBXBuildFile; fileRef = 8871A0912382A84D00B575EF /* UIViewController+SensorsData.m */; };
		8871A0952382D81000B575EF /* sensorsdata_black_list.json in Resources */ = {isa = PBXBuildFile; fileRef = 8871A0942382D81000B575EF /* sensorsdata_black_list.json */; };
		8871A0972382D83500B575EF /* sensorsdata_black_list.plist in Resources */ = {isa = PBXBuildFile; fileRef = 8871A0962382D83500B575EF /* sensorsdata_black_list.plist */; };
		8871A0AC2385207600B575EF /* UIApplication+SensorsData.h in Headers */ = {isa = PBXBuildFile; fileRef = 8871A0AA2385207600B575EF /* UIApplication+SensorsData.h */; };
		8871A0AD2385207600B575EF /* UIApplication+SensorsData.m in Sources */ = {isa = PBXBuildFile; fileRef = 8871A0AB2385207600B575EF /* UIApplication+SensorsData.m */; };
		8871A0BE2385260C00B575EF /* UIView+SensorsData.h in Headers */ = {isa = PBXBuildFile; fileRef = 8871A0BC2385260C00B575EF /* UIView+SensorsData.h */; };
		8871A0BF2385260C00B575EF /* UIView+SensorsData.m in Sources */ = {isa = PBXBuildFile; fileRef = 8871A0BD2385260C00B575EF /* UIView+SensorsData.m */; };
		8871A0C2238566A200B575EF /* UIControl+SensorsData.h in Headers */ = {isa = PBXBuildFile; fileRef = 8871A0C0238566A200B575EF /* UIControl+SensorsData.h */; };
		8871A0C3238566A200B575EF /* UIControl+SensorsData.m in Sources */ = {isa = PBXBuildFile; fileRef = 8871A0C1238566A200B575EF /* UIControl+SensorsData.m */; };
		8871A0C62386465F00B575EF /* UITableView+SensorsData.h in Headers */ = {isa = PBXBuildFile; fileRef = 8871A0C42386465F00B575EF /* UITableView+SensorsData.h */; };
		8871A0C72386465F00B575EF /* UITableView+SensorsData.m in Sources */ = {isa = PBXBuildFile; fileRef = 8871A0C52386465F00B575EF /* UITableView+SensorsData.m */; };
		8871A0CB23866C0D00B575EF /* SensorsAnalyticsDynamicDelegate.h in Headers */ = {isa = PBXBuildFile; fileRef = 8871A0C923866C0D00B575EF /* SensorsAnalyticsDynamicDelegate.h */; };
		8871A0CC23866C0D00B575EF /* SensorsAnalyticsDynamicDelegate.m in Sources */ = {isa = PBXBuildFile; fileRef = 8871A0CA23866C0D00B575EF /* SensorsAnalyticsDynamicDelegate.m */; };
		8871A0CF238674BA00B575EF /* SensorsAnalyticsDelegateProxy.h in Headers */ = {isa = PBXBuildFile; fileRef = 8871A0CD238674BA00B575EF /* SensorsAnalyticsDelegateProxy.h */; };
		8871A0D0238674BA00B575EF /* SensorsAnalyticsDelegateProxy.m in Sources */ = {isa = PBXBuildFile; fileRef = 8871A0CE238674BA00B575EF /* SensorsAnalyticsDelegateProxy.m */; };
		8871A0D3238676C400B575EF /* UIScrollView+SensorsData.h in Headers */ = {isa = PBXBuildFile; fileRef = 8871A0D1238676C400B575EF /* UIScrollView+SensorsData.h */; };
		8871A0D4238676C400B575EF /* UIScrollView+SensorsData.m in Sources */ = {isa = PBXBuildFile; fileRef = 8871A0D2238676C400B575EF /* UIScrollView+SensorsData.m */; };
		8871A0D7238685B800B575EF /* UICollectionView+SensorsData.h in Headers */ = {isa = PBXBuildFile; fileRef = 8871A0D5238685B800B575EF /* UICollectionView+SensorsData.h */; };
		8871A0D8238685B800B575EF /* UICollectionView+SensorsData.m in Sources */ = {isa = PBXBuildFile; fileRef = 8871A0D6238685B800B575EF /* UICollectionView+SensorsData.m */; };
		8871A0DF2386876200B575EF /* UIGestureRecognizer+SensorsData.h in Headers */ = {isa = PBXBuildFile; fileRef = 8871A0DD2386876200B575EF /* UIGestureRecognizer+SensorsData.h */; };
		8871A0E02386876200B575EF /* UIGestureRecognizer+SensorsData.m in Sources */ = {isa = PBXBuildFile; fileRef = 8871A0DE2386876200B575EF /* UIGestureRecognizer+SensorsData.m */; };
		888186C723967A5D00CC3A3B /* SensorsAnalyticsKeychainItem.h in Headers */ = {isa = PBXBuildFile; fileRef = 888186C523967A5D00CC3A3B /* SensorsAnalyticsKeychainItem.h */; };
		888186C823967A5D00CC3A3B /* SensorsAnalyticsKeychainItem.m in Sources */ = {isa = PBXBuildFile; fileRef = 888186C623967A5D00CC3A3B /* SensorsAnalyticsKeychainItem.m */; };
		889C2C1F2372D167008FC64D /* SensorsSDK.framework in Frameworks */ = {isa = PBXBuildFile; fileRef = 889C2C152372D167008FC64D /* SensorsSDK.framework */; };
		889C2C242372D167008FC64D /* SensorsSDKTests.m in Sources */ = {isa = PBXBuildFile; fileRef = 889C2C232372D167008FC64D /* SensorsSDKTests.m */; };
		889C2C262372D167008FC64D /* SensorsSDK.h in Headers */ = {isa = PBXBuildFile; fileRef = 889C2C182372D167008FC64D /* SensorsSDK.h */; settings = {ATTRIBUTES = (Public, ); }; };
		889C2C772372D2A7008FC64D /* SensorsAnalyticsSDK.h in Headers */ = {isa = PBXBuildFile; fileRef = 889C2C752372D2A7008FC64D /* SensorsAnalyticsSDK.h */; settings = {ATTRIBUTES = (Public, ); }; };
		889C2C782372D2A7008FC64D /* SensorsAnalyticsSDK.m in Sources */ = {isa = PBXBuildFile; fileRef = 889C2C762372D2A7008FC64D /* SensorsAnalyticsSDK.m */; };
		88BC1F392399FB3800C6A577 /* AdSupport.framework in Frameworks */ = {isa = PBXBuildFile; fileRef = 88BC1F372399FB3400C6A577 /* AdSupport.framework */; };
/* End PBXBuildFile section */

/* Begin PBXContainerItemProxy section */
		889C2C202372D167008FC64D /* PBXContainerItemProxy */ = {
			isa = PBXContainerItemProxy;
			containerPortal = 889C2C0C2372D167008FC64D /* Project object */;
			proxyType = 1;
			remoteGlobalIDString = 889C2C142372D167008FC64D;
			remoteInfo = SensorsSDK;
		};
/* End PBXContainerItemProxy section */

/* Begin PBXFileReference section */
		88400F7A238B80FC00FA28E7 /* SensorsAnalyticsFileStore.h */ = {isa = PBXFileReference; lastKnownFileType = sourcecode.c.h; path = SensorsAnalyticsFileStore.h; sourceTree = "<group>"; };
		88400F7B238B80FC00FA28E7 /* SensorsAnalyticsFileStore.m */ = {isa = PBXFileReference; lastKnownFileType = sourcecode.c.objc; path = SensorsAnalyticsFileStore.m; sourceTree = "<group>"; };
		88400F7E238B865500FA28E7 /* SensorsAnalyticsDatabase.h */ = {isa = PBXFileReference; lastKnownFileType = sourcecode.c.h; path = SensorsAnalyticsDatabase.h; sourceTree = "<group>"; };
		88400F7F238B865500FA28E7 /* SensorsAnalyticsDatabase.m */ = {isa = PBXFileReference; lastKnownFileType = sourcecode.c.objc; path = SensorsAnalyticsDatabase.m; sourceTree = "<group>"; };
		88400F82238BAA2300FA28E7 /* SensorsAnalyticsNetwork.h */ = {isa = PBXFileReference; lastKnownFileType = sourcecode.c.h; path = SensorsAnalyticsNetwork.h; sourceTree = "<group>"; };
		88400F83238BAA2300FA28E7 /* SensorsAnalyticsNetwork.m */ = {isa = PBXFileReference; lastKnownFileType = sourcecode.c.objc; path = SensorsAnalyticsNetwork.m; sourceTree = "<group>"; };
		88400F86238BB99600FA28E7 /* SensorsAnalyticsExceptionHandler.h */ = {isa = PBXFileReference; lastKnownFileType = sourcecode.c.h; path = SensorsAnalyticsExceptionHandler.h; sourceTree = "<group>"; };
		88400F87238BB99600FA28E7 /* SensorsAnalyticsExceptionHandler.m */ = {isa = PBXFileReference; lastKnownFileType = sourcecode.c.objc; path = SensorsAnalyticsExceptionHandler.m; sourceTree = "<group>"; };
		88400FA0238BD70400FA28E7 /* SensorsAnalyticsExtensionDataManager.h */ = {isa = PBXFileReference; lastKnownFileType = sourcecode.c.h; path = SensorsAnalyticsExtensionDataManager.h; sourceTree = "<group>"; };
		88400FA1238BD70400FA28E7 /* SensorsAnalyticsExtensionDataManager.m */ = {isa = PBXFileReference; lastKnownFileType = sourcecode.c.objc; path = SensorsAnalyticsExtensionDataManager.m; sourceTree = "<group>"; };
		88400FC9238BD81000FA28E7 /* SensorsAppExtensionSDK.framework */ = {isa = PBXFileReference; explicitFileType = wrapper.framework; includeInIndex = 0; path = SensorsAppExtensionSDK.framework; sourceTree = BUILT_PRODUCTS_DIR; };
		88400FCB238BD81000FA28E7 /* SensorsAppExtensionSDK.h */ = {isa = PBXFileReference; lastKnownFileType = sourcecode.c.h; path = SensorsAppExtensionSDK.h; sourceTree = "<group>"; };
		88400FCC238BD81000FA28E7 /* Info.plist */ = {isa = PBXFileReference; lastKnownFileType = text.plist.xml; path = Info.plist; sourceTree = "<group>"; };
		8871A08C2382A1D200B575EF /* NSObject+SASwizzler.h */ = {isa = PBXFileReference; lastKnownFileType = sourcecode.c.h; path = "NSObject+SASwizzler.h"; sourceTree = "<group>"; };
		8871A08D2382A1D200B575EF /* NSObject+SASwizzler.m */ = {isa = PBXFileReference; lastKnownFileType = sourcecode.c.objc; path = "NSObject+SASwizzler.m"; sourceTree = "<group>"; };
		8871A0902382A84D00B575EF /* UIViewController+SensorsData.h */ = {isa = PBXFileReference; lastKnownFileType = sourcecode.c.h; path = "UIViewController+SensorsData.h"; sourceTree = "<group>"; };
		8871A0912382A84D00B575EF /* UIViewController+SensorsData.m */ = {isa = PBXFileReference; lastKnownFileType = sourcecode.c.objc; path = "UIViewController+SensorsData.m"; sourceTree = "<group>"; };
		8871A0942382D81000B575EF /* sensorsdata_black_list.json */ = {isa = PBXFileReference; lastKnownFileType = text.json; path = sensorsdata_black_list.json; sourceTree = "<group>"; };
		8871A0962382D83500B575EF /* sensorsdata_black_list.plist */ = {isa = PBXFileReference; lastKnownFileType = text.plist.xml; path = sensorsdata_black_list.plist; sourceTree = "<group>"; };
		8871A0AA2385207600B575EF /* UIApplication+SensorsData.h */ = {isa = PBXFileReference; lastKnownFileType = sourcecode.c.h; path = "UIApplication+SensorsData.h"; sourceTree = "<group>"; };
		8871A0AB2385207600B575EF /* UIApplication+SensorsData.m */ = {isa = PBXFileReference; lastKnownFileType = sourcecode.c.objc; path = "UIApplication+SensorsData.m"; sourceTree = "<group>"; };
		8871A0BC2385260C00B575EF /* UIView+SensorsData.h */ = {isa = PBXFileReference; lastKnownFileType = sourcecode.c.h; path = "UIView+SensorsData.h"; sourceTree = "<group>"; };
		8871A0BD2385260C00B575EF /* UIView+SensorsData.m */ = {isa = PBXFileReference; lastKnownFileType = sourcecode.c.objc; path = "UIView+SensorsData.m"; sourceTree = "<group>"; };
		8871A0C0238566A200B575EF /* UIControl+SensorsData.h */ = {isa = PBXFileReference; lastKnownFileType = sourcecode.c.h; path = "UIControl+SensorsData.h"; sourceTree = "<group>"; };
		8871A0C1238566A200B575EF /* UIControl+SensorsData.m */ = {isa = PBXFileReference; lastKnownFileType = sourcecode.c.objc; path = "UIControl+SensorsData.m"; sourceTree = "<group>"; };
		8871A0C42386465F00B575EF /* UITableView+SensorsData.h */ = {isa = PBXFileReference; lastKnownFileType = sourcecode.c.h; path = "UITableView+SensorsData.h"; sourceTree = "<group>"; };
		8871A0C52386465F00B575EF /* UITableView+SensorsData.m */ = {isa = PBXFileReference; lastKnownFileType = sourcecode.c.objc; path = "UITableView+SensorsData.m"; sourceTree = "<group>"; };
		8871A0C923866C0D00B575EF /* SensorsAnalyticsDynamicDelegate.h */ = {isa = PBXFileReference; lastKnownFileType = sourcecode.c.h; path = SensorsAnalyticsDynamicDelegate.h; sourceTree = "<group>"; };
		8871A0CA23866C0D00B575EF /* SensorsAnalyticsDynamicDelegate.m */ = {isa = PBXFileReference; lastKnownFileType = sourcecode.c.objc; path = SensorsAnalyticsDynamicDelegate.m; sourceTree = "<group>"; };
		8871A0CD238674BA00B575EF /* SensorsAnalyticsDelegateProxy.h */ = {isa = PBXFileReference; lastKnownFileType = sourcecode.c.h; path = SensorsAnalyticsDelegateProxy.h; sourceTree = "<group>"; };
		8871A0CE238674BA00B575EF /* SensorsAnalyticsDelegateProxy.m */ = {isa = PBXFileReference; lastKnownFileType = sourcecode.c.objc; path = SensorsAnalyticsDelegateProxy.m; sourceTree = "<group>"; };
		8871A0D1238676C400B575EF /* UIScrollView+SensorsData.h */ = {isa = PBXFileReference; lastKnownFileType = sourcecode.c.h; path = "UIScrollView+SensorsData.h"; sourceTree = "<group>"; };
		8871A0D2238676C400B575EF /* UIScrollView+SensorsData.m */ = {isa = PBXFileReference; lastKnownFileType = sourcecode.c.objc; path = "UIScrollView+SensorsData.m"; sourceTree = "<group>"; };
		8871A0D5238685B800B575EF /* UICollectionView+SensorsData.h */ = {isa = PBXFileReference; lastKnownFileType = sourcecode.c.h; path = "UICollectionView+SensorsData.h"; sourceTree = "<group>"; };
		8871A0D6238685B800B575EF /* UICollectionView+SensorsData.m */ = {isa = PBXFileReference; lastKnownFileType = sourcecode.c.objc; path = "UICollectionView+SensorsData.m"; sourceTree = "<group>"; };
		8871A0DD2386876200B575EF /* UIGestureRecognizer+SensorsData.h */ = {isa = PBXFileReference; lastKnownFileType = sourcecode.c.h; path = "UIGestureRecognizer+SensorsData.h"; sourceTree = "<group>"; };
		8871A0DE2386876200B575EF /* UIGestureRecognizer+SensorsData.m */ = {isa = PBXFileReference; lastKnownFileType = sourcecode.c.objc; path = "UIGestureRecognizer+SensorsData.m"; sourceTree = "<group>"; };
		888186C523967A5D00CC3A3B /* SensorsAnalyticsKeychainItem.h */ = {isa = PBXFileReference; lastKnownFileType = sourcecode.c.h; path = SensorsAnalyticsKeychainItem.h; sourceTree = "<group>"; };
		888186C623967A5D00CC3A3B /* SensorsAnalyticsKeychainItem.m */ = {isa = PBXFileReference; lastKnownFileType = sourcecode.c.objc; path = SensorsAnalyticsKeychainItem.m; sourceTree = "<group>"; };
		889C2C152372D167008FC64D /* SensorsSDK.framework */ = {isa = PBXFileReference; explicitFileType = wrapper.framework; includeInIndex = 0; path = SensorsSDK.framework; sourceTree = BUILT_PRODUCTS_DIR; };
		889C2C182372D167008FC64D /* SensorsSDK.h */ = {isa = PBXFileReference; lastKnownFileType = sourcecode.c.h; path = SensorsSDK.h; sourceTree = "<group>"; };
		889C2C192372D167008FC64D /* Info.plist */ = {isa = PBXFileReference; lastKnownFileType = text.plist.xml; path = Info.plist; sourceTree = "<group>"; };
		889C2C1E2372D167008FC64D /* SensorsSDKTests.xctest */ = {isa = PBXFileReference; explicitFileType = wrapper.cfbundle; includeInIndex = 0; path = SensorsSDKTests.xctest; sourceTree = BUILT_PRODUCTS_DIR; };
		889C2C232372D167008FC64D /* SensorsSDKTests.m */ = {isa = PBXFileReference; lastKnownFileType = sourcecode.c.objc; path = SensorsSDKTests.m; sourceTree = "<group>"; };
		889C2C252372D167008FC64D /* Info.plist */ = {isa = PBXFileReference; lastKnownFileType = text.plist.xml; path = Info.plist; sourceTree = "<group>"; };
		889C2C752372D2A7008FC64D /* SensorsAnalyticsSDK.h */ = {isa = PBXFileReference; lastKnownFileType = sourcecode.c.h; path = SensorsAnalyticsSDK.h; sourceTree = "<group>"; };
		889C2C762372D2A7008FC64D /* SensorsAnalyticsSDK.m */ = {isa = PBXFileReference; lastKnownFileType = sourcecode.c.objc; path = SensorsAnalyticsSDK.m; sourceTree = "<group>"; };
		88BC1F372399FB3400C6A577 /* AdSupport.framework */ = {isa = PBXFileReference; lastKnownFileType = wrapper.framework; name = AdSupport.framework; path = Platforms/MacOSX.platform/Developer/SDKs/MacOSX10.15.sdk/System/Library/Frameworks/AdSupport.framework; sourceTree = DEVELOPER_DIR; };
/* End PBXFileReference section */

/* Begin PBXFrameworksBuildPhase section */
		88400FC6238BD81000FA28E7 /* Frameworks */ = {
			isa = PBXFrameworksBuildPhase;
			buildActionMask = 2147483647;
			files = (
			);
			runOnlyForDeploymentPostprocessing = 0;
		};
		889C2C122372D167008FC64D /* Frameworks */ = {
			isa = PBXFrameworksBuildPhase;
			buildActionMask = 2147483647;
			files = (
				88BC1F392399FB3800C6A577 /* AdSupport.framework in Frameworks */,
			);
			runOnlyForDeploymentPostprocessing = 0;
		};
		889C2C1B2372D167008FC64D /* Frameworks */ = {
			isa = PBXFrameworksBuildPhase;
			buildActionMask = 2147483647;
			files = (
				889C2C1F2372D167008FC64D /* SensorsSDK.framework in Frameworks */,
			);
			runOnlyForDeploymentPostprocessing = 0;
		};
/* End PBXFrameworksBuildPhase section */

/* Begin PBXGroup section */
		88400FCA238BD81000FA28E7 /* SensorsAppExtensionSDK */ = {
			isa = PBXGroup;
			children = (
				88400FCB238BD81000FA28E7 /* SensorsAppExtensionSDK.h */,
				88400FCC238BD81000FA28E7 /* Info.plist */,
			);
			path = SensorsAppExtensionSDK;
			sourceTree = "<group>";
		};
		889C2C0B2372D167008FC64D = {
			isa = PBXGroup;
			children = (
				889C2C172372D167008FC64D /* SensorsSDK */,
				889C2C222372D167008FC64D /* SensorsSDKTests */,
				88400FCA238BD81000FA28E7 /* SensorsAppExtensionSDK */,
				889C2C162372D167008FC64D /* Products */,
				88BC1F362399FB3400C6A577 /* Frameworks */,
			);
			sourceTree = "<group>";
		};
		889C2C162372D167008FC64D /* Products */ = {
			isa = PBXGroup;
			children = (
				889C2C152372D167008FC64D /* SensorsSDK.framework */,
				889C2C1E2372D167008FC64D /* SensorsSDKTests.xctest */,
				88400FC9238BD81000FA28E7 /* SensorsAppExtensionSDK.framework */,
			);
			name = Products;
			sourceTree = "<group>";
		};
		889C2C172372D167008FC64D /* SensorsSDK */ = {
			isa = PBXGroup;
			children = (
				889C2C752372D2A7008FC64D /* SensorsAnalyticsSDK.h */,
				889C2C762372D2A7008FC64D /* SensorsAnalyticsSDK.m */,
				888186C523967A5D00CC3A3B /* SensorsAnalyticsKeychainItem.h */,
				888186C623967A5D00CC3A3B /* SensorsAnalyticsKeychainItem.m */,
				88400F7A238B80FC00FA28E7 /* SensorsAnalyticsFileStore.h */,
				88400F7B238B80FC00FA28E7 /* SensorsAnalyticsFileStore.m */,
				88400F7E238B865500FA28E7 /* SensorsAnalyticsDatabase.h */,
				88400F7F238B865500FA28E7 /* SensorsAnalyticsDatabase.m */,
				88400F82238BAA2300FA28E7 /* SensorsAnalyticsNetwork.h */,
				88400F83238BAA2300FA28E7 /* SensorsAnalyticsNetwork.m */,
				88400F86238BB99600FA28E7 /* SensorsAnalyticsExceptionHandler.h */,
				88400F87238BB99600FA28E7 /* SensorsAnalyticsExceptionHandler.m */,
				8871A0C923866C0D00B575EF /* SensorsAnalyticsDynamicDelegate.h */,
				8871A0CA23866C0D00B575EF /* SensorsAnalyticsDynamicDelegate.m */,
				8871A0CD238674BA00B575EF /* SensorsAnalyticsDelegateProxy.h */,
				8871A0CE238674BA00B575EF /* SensorsAnalyticsDelegateProxy.m */,
				88400FA0238BD70400FA28E7 /* SensorsAnalyticsExtensionDataManager.h */,
				88400FA1238BD70400FA28E7 /* SensorsAnalyticsExtensionDataManager.m */,
				8871A0962382D83500B575EF /* sensorsdata_black_list.plist */,
				8871A08C2382A1D200B575EF /* NSObject+SASwizzler.h */,
				8871A08D2382A1D200B575EF /* NSObject+SASwizzler.m */,
				8871A0902382A84D00B575EF /* UIViewController+SensorsData.h */,
				8871A0912382A84D00B575EF /* UIViewController+SensorsData.m */,
				8871A0AA2385207600B575EF /* UIApplication+SensorsData.h */,
				8871A0AB2385207600B575EF /* UIApplication+SensorsData.m */,
				8871A0BC2385260C00B575EF /* UIView+SensorsData.h */,
				8871A0BD2385260C00B575EF /* UIView+SensorsData.m */,
				8871A0C0238566A200B575EF /* UIControl+SensorsData.h */,
				8871A0C1238566A200B575EF /* UIControl+SensorsData.m */,
				8871A0C42386465F00B575EF /* UITableView+SensorsData.h */,
				8871A0C52386465F00B575EF /* UITableView+SensorsData.m */,
				8871A0D5238685B800B575EF /* UICollectionView+SensorsData.h */,
				8871A0D6238685B800B575EF /* UICollectionView+SensorsData.m */,
				8871A0D1238676C400B575EF /* UIScrollView+SensorsData.h */,
				8871A0D2238676C400B575EF /* UIScrollView+SensorsData.m */,
				8871A0DD2386876200B575EF /* UIGestureRecognizer+SensorsData.h */,
				8871A0DE2386876200B575EF /* UIGestureRecognizer+SensorsData.m */,
				889C2C182372D167008FC64D /* SensorsSDK.h */,
				889C2C192372D167008FC64D /* Info.plist */,
				8871A0942382D81000B575EF /* sensorsdata_black_list.json */,
			);
			path = SensorsSDK;
			sourceTree = "<group>";
		};
		889C2C222372D167008FC64D /* SensorsSDKTests */ = {
			isa = PBXGroup;
			children = (
				889C2C232372D167008FC64D /* SensorsSDKTests.m */,
				889C2C252372D167008FC64D /* Info.plist */,
			);
			path = SensorsSDKTests;
			sourceTree = "<group>";
		};
		88BC1F362399FB3400C6A577 /* Frameworks */ = {
			isa = PBXGroup;
			children = (
				88BC1F372399FB3400C6A577 /* AdSupport.framework */,
			);
			name = Frameworks;
			sourceTree = "<group>";
		};
/* End PBXGroup section */

/* Begin PBXHeadersBuildPhase section */
		88400FC4238BD81000FA28E7 /* Headers */ = {
			isa = PBXHeadersBuildPhase;
			buildActionMask = 2147483647;
			files = (
				88400FD9238BD81100FA28E7 /* SensorsAppExtensionSDK.h in Headers */,
				88400FE1238BD83200FA28E7 /* SensorsAnalyticsExtensionDataManager.h in Headers */,
			);
			runOnlyForDeploymentPostprocessing = 0;
		};
		889C2C102372D167008FC64D /* Headers */ = {
			isa = PBXHeadersBuildPhase;
			buildActionMask = 2147483647;
			files = (
				8871A0CB23866C0D00B575EF /* SensorsAnalyticsDynamicDelegate.h in Headers */,
				8871A08E2382A1D200B575EF /* NSObject+SASwizzler.h in Headers */,
				889C2C772372D2A7008FC64D /* SensorsAnalyticsSDK.h in Headers */,
				88400F80238B865500FA28E7 /* SensorsAnalyticsDatabase.h in Headers */,
				8871A0C62386465F00B575EF /* UITableView+SensorsData.h in Headers */,
				8871A0DF2386876200B575EF /* UIGestureRecognizer+SensorsData.h in Headers */,
				889C2C262372D167008FC64D /* SensorsSDK.h in Headers */,
				88400F88238BB99600FA28E7 /* SensorsAnalyticsExceptionHandler.h in Headers */,
				8871A0D3238676C400B575EF /* UIScrollView+SensorsData.h in Headers */,
				8871A0BE2385260C00B575EF /* UIView+SensorsData.h in Headers */,
				8871A0D7238685B800B575EF /* UICollectionView+SensorsData.h in Headers */,
				88400FA2238BD70400FA28E7 /* SensorsAnalyticsExtensionDataManager.h in Headers */,
				8871A0AC2385207600B575EF /* UIApplication+SensorsData.h in Headers */,
				8871A0CF238674BA00B575EF /* SensorsAnalyticsDelegateProxy.h in Headers */,
				8871A0922382A84D00B575EF /* UIViewController+SensorsData.h in Headers */,
				8871A0C2238566A200B575EF /* UIControl+SensorsData.h in Headers */,
				88400F84238BAA2300FA28E7 /* SensorsAnalyticsNetwork.h in Headers */,
				888186C723967A5D00CC3A3B /* SensorsAnalyticsKeychainItem.h in Headers */,
				88400F7C238B80FC00FA28E7 /* SensorsAnalyticsFileStore.h in Headers */,
			);
			runOnlyForDeploymentPostprocessing = 0;
		};
/* End PBXHeadersBuildPhase section */

/* Begin PBXNativeTarget section */
		88400FC8238BD81000FA28E7 /* SensorsAppExtensionSDK */ = {
			isa = PBXNativeTarget;
			buildConfigurationList = 88400FDA238BD81100FA28E7 /* Build configuration list for PBXNativeTarget "SensorsAppExtensionSDK" */;
			buildPhases = (
				88400FC4238BD81000FA28E7 /* Headers */,
				88400FC5238BD81000FA28E7 /* Sources */,
				88400FC6238BD81000FA28E7 /* Frameworks */,
				88400FC7238BD81000FA28E7 /* Resources */,
			);
			buildRules = (
			);
			dependencies = (
			);
			name = SensorsAppExtensionSDK;
			productName = SensorsAppExtensionSDK;
			productReference = 88400FC9238BD81000FA28E7 /* SensorsAppExtensionSDK.framework */;
			productType = "com.apple.product-type.framework";
		};
		889C2C142372D167008FC64D /* SensorsSDK */ = {
			isa = PBXNativeTarget;
			buildConfigurationList = 889C2C292372D167008FC64D /* Build configuration list for PBXNativeTarget "SensorsSDK" */;
			buildPhases = (
				889C2C102372D167008FC64D /* Headers */,
				889C2C112372D167008FC64D /* Sources */,
				889C2C122372D167008FC64D /* Frameworks */,
				889C2C132372D167008FC64D /* Resources */,
			);
			buildRules = (
			);
			dependencies = (
			);
			name = SensorsSDK;
			productName = SensorsSDK;
			productReference = 889C2C152372D167008FC64D /* SensorsSDK.framework */;
			productType = "com.apple.product-type.framework";
		};
		889C2C1D2372D167008FC64D /* SensorsSDKTests */ = {
			isa = PBXNativeTarget;
			buildConfigurationList = 889C2C2C2372D167008FC64D /* Build configuration list for PBXNativeTarget "SensorsSDKTests" */;
			buildPhases = (
				889C2C1A2372D167008FC64D /* Sources */,
				889C2C1B2372D167008FC64D /* Frameworks */,
				889C2C1C2372D167008FC64D /* Resources */,
			);
			buildRules = (
			);
			dependencies = (
				889C2C212372D167008FC64D /* PBXTargetDependency */,
			);
			name = SensorsSDKTests;
			productName = SensorsSDKTests;
			productReference = 889C2C1E2372D167008FC64D /* SensorsSDKTests.xctest */;
			productType = "com.apple.product-type.bundle.unit-test";
		};
/* End PBXNativeTarget section */

/* Begin PBXProject section */
		889C2C0C2372D167008FC64D /* Project object */ = {
			isa = PBXProject;
			attributes = {
				LastUpgradeCheck = 1120;
				ORGANIZATIONNAME = SensorsData;
				TargetAttributes = {
					88400FC8238BD81000FA28E7 = {
						CreatedOnToolsVersion = 11.2.1;
					};
					889C2C142372D167008FC64D = {
						CreatedOnToolsVersion = 11.2;
					};
					889C2C1D2372D167008FC64D = {
						CreatedOnToolsVersion = 11.2;
					};
				};
			};
			buildConfigurationList = 889C2C0F2372D167008FC64D /* Build configuration list for PBXProject "SensorsSDK" */;
			compatibilityVersion = "Xcode 9.3";
			developmentRegion = en;
			hasScannedForEncodings = 0;
			knownRegions = (
				en,
				Base,
			);
			mainGroup = 889C2C0B2372D167008FC64D;
			productRefGroup = 889C2C162372D167008FC64D /* Products */;
			projectDirPath = "";
			projectRoot = "";
			targets = (
				889C2C142372D167008FC64D /* SensorsSDK */,
				889C2C1D2372D167008FC64D /* SensorsSDKTests */,
				88400FC8238BD81000FA28E7 /* SensorsAppExtensionSDK */,
			);
		};
/* End PBXProject section */

/* Begin PBXResourcesBuildPhase section */
		88400FC7238BD81000FA28E7 /* Resources */ = {
			isa = PBXResourcesBuildPhase;
			buildActionMask = 2147483647;
			files = (
			);
			runOnlyForDeploymentPostprocessing = 0;
		};
		889C2C132372D167008FC64D /* Resources */ = {
			isa = PBXResourcesBuildPhase;
			buildActionMask = 2147483647;
			files = (
				8871A0972382D83500B575EF /* sensorsdata_black_list.plist in Resources */,
				8871A0952382D81000B575EF /* sensorsdata_black_list.json in Resources */,
			);
			runOnlyForDeploymentPostprocessing = 0;
		};
		889C2C1C2372D167008FC64D /* Resources */ = {
			isa = PBXResourcesBuildPhase;
			buildActionMask = 2147483647;
			files = (
			);
			runOnlyForDeploymentPostprocessing = 0;
		};
/* End PBXResourcesBuildPhase section */

/* Begin PBXSourcesBuildPhase section */
		88400FC5238BD81000FA28E7 /* Sources */ = {
			isa = PBXSourcesBuildPhase;
			buildActionMask = 2147483647;
			files = (
				88400FE0238BD82A00FA28E7 /* SensorsAnalyticsExtensionDataManager.m in Sources */,
			);
			runOnlyForDeploymentPostprocessing = 0;
		};
		889C2C112372D167008FC64D /* Sources */ = {
			isa = PBXSourcesBuildPhase;
			buildActionMask = 2147483647;
			files = (
				8871A0932382A84D00B575EF /* UIViewController+SensorsData.m in Sources */,
				88400F81238B865500FA28E7 /* SensorsAnalyticsDatabase.m in Sources */,
				8871A0D0238674BA00B575EF /* SensorsAnalyticsDelegateProxy.m in Sources */,
				8871A08F2382A1D200B575EF /* NSObject+SASwizzler.m in Sources */,
				8871A0C72386465F00B575EF /* UITableView+SensorsData.m in Sources */,
				8871A0CC23866C0D00B575EF /* SensorsAnalyticsDynamicDelegate.m in Sources */,
				88400F85238BAA2300FA28E7 /* SensorsAnalyticsNetwork.m in Sources */,
				8871A0E02386876200B575EF /* UIGestureRecognizer+SensorsData.m in Sources */,
				8871A0D4238676C400B575EF /* UIScrollView+SensorsData.m in Sources */,
				8871A0AD2385207600B575EF /* UIApplication+SensorsData.m in Sources */,
				88400FA3238BD70400FA28E7 /* SensorsAnalyticsExtensionDataManager.m in Sources */,
				88400F7D238B80FC00FA28E7 /* SensorsAnalyticsFileStore.m in Sources */,
				88400F89238BB99600FA28E7 /* SensorsAnalyticsExceptionHandler.m in Sources */,
				889C2C782372D2A7008FC64D /* SensorsAnalyticsSDK.m in Sources */,
				8871A0BF2385260C00B575EF /* UIView+SensorsData.m in Sources */,
				888186C823967A5D00CC3A3B /* SensorsAnalyticsKeychainItem.m in Sources */,
				8871A0D8238685B800B575EF /* UICollectionView+SensorsData.m in Sources */,
				8871A0C3238566A200B575EF /* UIControl+SensorsData.m in Sources */,
			);
			runOnlyForDeploymentPostprocessing = 0;
		};
		889C2C1A2372D167008FC64D /* Sources */ = {
			isa = PBXSourcesBuildPhase;
			buildActionMask = 2147483647;
			files = (
				889C2C242372D167008FC64D /* SensorsSDKTests.m in Sources */,
			);
			runOnlyForDeploymentPostprocessing = 0;
		};
/* End PBXSourcesBuildPhase section */

/* Begin PBXTargetDependency section */
		889C2C212372D167008FC64D /* PBXTargetDependency */ = {
			isa = PBXTargetDependency;
			target = 889C2C142372D167008FC64D /* SensorsSDK */;
			targetProxy = 889C2C202372D167008FC64D /* PBXContainerItemProxy */;
		};
/* End PBXTargetDependency section */

/* Begin XCBuildConfiguration section */
		88400FDB238BD81100FA28E7 /* Debug */ = {
			isa = XCBuildConfiguration;
			buildSettings = {
				CODE_SIGN_STYLE = Automatic;
				DEFINES_MODULE = YES;
				DEVELOPMENT_TEAM = 75FYWDWHL5;
				DYLIB_COMPATIBILITY_VERSION = 1;
				DYLIB_CURRENT_VERSION = 1;
				DYLIB_INSTALL_NAME_BASE = "@rpath";
				INFOPLIST_FILE = SensorsAppExtensionSDK/Info.plist;
				INSTALL_PATH = "$(LOCAL_LIBRARY_DIR)/Frameworks";
				LD_RUNPATH_SEARCH_PATHS = (
					"$(inherited)",
					"@executable_path/Frameworks",
					"@loader_path/Frameworks",
				);
				PRODUCT_BUNDLE_IDENTIFIER = cn.sensorsdata.SensorsAppExtensionSDK;
				PRODUCT_NAME = "$(TARGET_NAME:c99extidentifier)";
				SKIP_INSTALL = YES;
				TARGETED_DEVICE_FAMILY = "1,2";
			};
			name = Debug;
		};
		88400FDC238BD81100FA28E7 /* Release */ = {
			isa = XCBuildConfiguration;
			buildSettings = {
				CODE_SIGN_STYLE = Automatic;
				DEFINES_MODULE = YES;
				DEVELOPMENT_TEAM = 75FYWDWHL5;
				DYLIB_COMPATIBILITY_VERSION = 1;
				DYLIB_CURRENT_VERSION = 1;
				DYLIB_INSTALL_NAME_BASE = "@rpath";
				INFOPLIST_FILE = SensorsAppExtensionSDK/Info.plist;
				INSTALL_PATH = "$(LOCAL_LIBRARY_DIR)/Frameworks";
				LD_RUNPATH_SEARCH_PATHS = (
					"$(inherited)",
					"@executable_path/Frameworks",
					"@loader_path/Frameworks",
				);
				PRODUCT_BUNDLE_IDENTIFIER = cn.sensorsdata.SensorsAppExtensionSDK;
				PRODUCT_NAME = "$(TARGET_NAME:c99extidentifier)";
				SKIP_INSTALL = YES;
				TARGETED_DEVICE_FAMILY = "1,2";
			};
			name = Release;
		};
		889C2C272372D167008FC64D /* Debug */ = {
			isa = XCBuildConfiguration;
			buildSettings = {
				ALWAYS_SEARCH_USER_PATHS = NO;
				CLANG_ANALYZER_NONNULL = YES;
				CLANG_ANALYZER_NUMBER_OBJECT_CONVERSION = YES_AGGRESSIVE;
				CLANG_CXX_LANGUAGE_STANDARD = "gnu++14";
				CLANG_CXX_LIBRARY = "libc++";
				CLANG_ENABLE_MODULES = YES;
				CLANG_ENABLE_OBJC_ARC = YES;
				CLANG_ENABLE_OBJC_WEAK = YES;
				CLANG_WARN_BLOCK_CAPTURE_AUTORELEASING = YES;
				CLANG_WARN_BOOL_CONVERSION = YES;
				CLANG_WARN_COMMA = YES;
				CLANG_WARN_CONSTANT_CONVERSION = YES;
				CLANG_WARN_DEPRECATED_OBJC_IMPLEMENTATIONS = YES;
				CLANG_WARN_DIRECT_OBJC_ISA_USAGE = YES_ERROR;
				CLANG_WARN_DOCUMENTATION_COMMENTS = YES;
				CLANG_WARN_EMPTY_BODY = YES;
				CLANG_WARN_ENUM_CONVERSION = YES;
				CLANG_WARN_INFINITE_RECURSION = YES;
				CLANG_WARN_INT_CONVERSION = YES;
				CLANG_WARN_NON_LITERAL_NULL_CONVERSION = YES;
				CLANG_WARN_OBJC_IMPLICIT_RETAIN_SELF = YES;
				CLANG_WARN_OBJC_LITERAL_CONVERSION = YES;
				CLANG_WARN_OBJC_ROOT_CLASS = YES_ERROR;
				CLANG_WARN_RANGE_LOOP_ANALYSIS = YES;
				CLANG_WARN_STRICT_PROTOTYPES = YES;
				CLANG_WARN_SUSPICIOUS_MOVE = YES;
				CLANG_WARN_UNGUARDED_AVAILABILITY = YES_AGGRESSIVE;
				CLANG_WARN_UNREACHABLE_CODE = YES;
				CLANG_WARN__DUPLICATE_METHOD_MATCH = YES;
				COPY_PHASE_STRIP = NO;
				CURRENT_PROJECT_VERSION = 1;
				DEBUG_INFORMATION_FORMAT = dwarf;
				ENABLE_STRICT_OBJC_MSGSEND = YES;
				ENABLE_TESTABILITY = YES;
				GCC_C_LANGUAGE_STANDARD = gnu11;
				GCC_DYNAMIC_NO_PIC = NO;
				GCC_NO_COMMON_BLOCKS = YES;
				GCC_OPTIMIZATION_LEVEL = 0;
				GCC_PREPROCESSOR_DEFINITIONS = (
					"DEBUG=1",
					"$(inherited)",
				);
				GCC_WARN_64_TO_32_BIT_CONVERSION = YES;
				GCC_WARN_ABOUT_RETURN_TYPE = YES_ERROR;
				GCC_WARN_UNDECLARED_SELECTOR = YES;
				GCC_WARN_UNINITIALIZED_AUTOS = YES_AGGRESSIVE;
				GCC_WARN_UNUSED_FUNCTION = YES;
				GCC_WARN_UNUSED_VARIABLE = YES;
				IPHONEOS_DEPLOYMENT_TARGET = 13.2;
				MTL_ENABLE_DEBUG_INFO = INCLUDE_SOURCE;
				MTL_FAST_MATH = YES;
				ONLY_ACTIVE_ARCH = YES;
				SDKROOT = iphoneos;
				VERSIONING_SYSTEM = "apple-generic";
				VERSION_INFO_PREFIX = "";
			};
			name = Debug;
		};
		889C2C282372D167008FC64D /* Release */ = {
			isa = XCBuildConfiguration;
			buildSettings = {
				ALWAYS_SEARCH_USER_PATHS = NO;
				CLANG_ANALYZER_NONNULL = YES;
				CLANG_ANALYZER_NUMBER_OBJECT_CONVERSION = YES_AGGRESSIVE;
				CLANG_CXX_LANGUAGE_STANDARD = "gnu++14";
				CLANG_CXX_LIBRARY = "libc++";
				CLANG_ENABLE_MODULES = YES;
				CLANG_ENABLE_OBJC_ARC = YES;
				CLANG_ENABLE_OBJC_WEAK = YES;
				CLANG_WARN_BLOCK_CAPTURE_AUTORELEASING = YES;
				CLANG_WARN_BOOL_CONVERSION = YES;
				CLANG_WARN_COMMA = YES;
				CLANG_WARN_CONSTANT_CONVERSION = YES;
				CLANG_WARN_DEPRECATED_OBJC_IMPLEMENTATIONS = YES;
				CLANG_WARN_DIRECT_OBJC_ISA_USAGE = YES_ERROR;
				CLANG_WARN_DOCUMENTATION_COMMENTS = YES;
				CLANG_WARN_EMPTY_BODY = YES;
				CLANG_WARN_ENUM_CONVERSION = YES;
				CLANG_WARN_INFINITE_RECURSION = YES;
				CLANG_WARN_INT_CONVERSION = YES;
				CLANG_WARN_NON_LITERAL_NULL_CONVERSION = YES;
				CLANG_WARN_OBJC_IMPLICIT_RETAIN_SELF = YES;
				CLANG_WARN_OBJC_LITERAL_CONVERSION = YES;
				CLANG_WARN_OBJC_ROOT_CLASS = YES_ERROR;
				CLANG_WARN_RANGE_LOOP_ANALYSIS = YES;
				CLANG_WARN_STRICT_PROTOTYPES = YES;
				CLANG_WARN_SUSPICIOUS_MOVE = YES;
				CLANG_WARN_UNGUARDED_AVAILABILITY = YES_AGGRESSIVE;
				CLANG_WARN_UNREACHABLE_CODE = YES;
				CLANG_WARN__DUPLICATE_METHOD_MATCH = YES;
				COPY_PHASE_STRIP = NO;
				CURRENT_PROJECT_VERSION = 1;
				DEBUG_INFORMATION_FORMAT = "dwarf-with-dsym";
				ENABLE_NS_ASSERTIONS = NO;
				ENABLE_STRICT_OBJC_MSGSEND = YES;
				GCC_C_LANGUAGE_STANDARD = gnu11;
				GCC_NO_COMMON_BLOCKS = YES;
				GCC_WARN_64_TO_32_BIT_CONVERSION = YES;
				GCC_WARN_ABOUT_RETURN_TYPE = YES_ERROR;
				GCC_WARN_UNDECLARED_SELECTOR = YES;
				GCC_WARN_UNINITIALIZED_AUTOS = YES_AGGRESSIVE;
				GCC_WARN_UNUSED_FUNCTION = YES;
				GCC_WARN_UNUSED_VARIABLE = YES;
				IPHONEOS_DEPLOYMENT_TARGET = 13.2;
				MTL_ENABLE_DEBUG_INFO = NO;
				MTL_FAST_MATH = YES;
				SDKROOT = iphoneos;
				VALIDATE_PRODUCT = YES;
				VERSIONING_SYSTEM = "apple-generic";
				VERSION_INFO_PREFIX = "";
			};
			name = Release;
		};
		889C2C2A2372D167008FC64D /* Debug */ = {
			isa = XCBuildConfiguration;
			buildSettings = {
				CODE_SIGN_STYLE = Automatic;
				DEFINES_MODULE = YES;
				DEVELOPMENT_TEAM = 75FYWDWHL5;
				DYLIB_COMPATIBILITY_VERSION = 1;
				DYLIB_CURRENT_VERSION = 1;
				DYLIB_INSTALL_NAME_BASE = "@rpath";
				INFOPLIST_FILE = SensorsSDK/Info.plist;
				INSTALL_PATH = "$(LOCAL_LIBRARY_DIR)/Frameworks";
				IPHONEOS_DEPLOYMENT_TARGET = 9.0;
				LD_RUNPATH_SEARCH_PATHS = (
					"$(inherited)",
					"@executable_path/Frameworks",
					"@loader_path/Frameworks",
				);
				PRODUCT_BUNDLE_IDENTIFIER = cn.sensorsdata.SensorsSDK;
				PRODUCT_NAME = "$(TARGET_NAME:c99extidentifier)";
				SKIP_INSTALL = YES;
				TARGETED_DEVICE_FAMILY = "1,2";
			};
			name = Debug;
		};
		889C2C2B2372D167008FC64D /* Release */ = {
			isa = XCBuildConfiguration;
			buildSettings = {
				CODE_SIGN_STYLE = Automatic;
				DEFINES_MODULE = YES;
				DEVELOPMENT_TEAM = 75FYWDWHL5;
				DYLIB_COMPATIBILITY_VERSION = 1;
				DYLIB_CURRENT_VERSION = 1;
				DYLIB_INSTALL_NAME_BASE = "@rpath";
				INFOPLIST_FILE = SensorsSDK/Info.plist;
				INSTALL_PATH = "$(LOCAL_LIBRARY_DIR)/Frameworks";
				IPHONEOS_DEPLOYMENT_TARGET = 9.0;
				LD_RUNPATH_SEARCH_PATHS = (
					"$(inherited)",
					"@executable_path/Frameworks",
					"@loader_path/Frameworks",
				);
				PRODUCT_BUNDLE_IDENTIFIER = cn.sensorsdata.SensorsSDK;
				PRODUCT_NAME = "$(TARGET_NAME:c99extidentifier)";
				SKIP_INSTALL = YES;
				TARGETED_DEVICE_FAMILY = "1,2";
			};
			name = Release;
		};
		889C2C2D2372D167008FC64D /* Debug */ = {
			isa = XCBuildConfiguration;
			buildSettings = {
				CODE_SIGN_STYLE = Automatic;
				DEVELOPMENT_TEAM = 75FYWDWHL5;
				INFOPLIST_FILE = SensorsSDKTests/Info.plist;
				LD_RUNPATH_SEARCH_PATHS = (
					"$(inherited)",
					"@executable_path/Frameworks",
					"@loader_path/Frameworks",
				);
				PRODUCT_BUNDLE_IDENTIFIER = cn.sensorsdata.SensorsSDKTests;
				PRODUCT_NAME = "$(TARGET_NAME)";
				TARGETED_DEVICE_FAMILY = "1,2";
			};
			name = Debug;
		};
		889C2C2E2372D167008FC64D /* Release */ = {
			isa = XCBuildConfiguration;
			buildSettings = {
				CODE_SIGN_STYLE = Automatic;
				DEVELOPMENT_TEAM = 75FYWDWHL5;
				INFOPLIST_FILE = SensorsSDKTests/Info.plist;
				LD_RUNPATH_SEARCH_PATHS = (
					"$(inherited)",
					"@executable_path/Frameworks",
					"@loader_path/Frameworks",
				);
				PRODUCT_BUNDLE_IDENTIFIER = cn.sensorsdata.SensorsSDKTests;
				PRODUCT_NAME = "$(TARGET_NAME)";
				TARGETED_DEVICE_FAMILY = "1,2";
			};
			name = Release;
		};
/* End XCBuildConfiguration section */

/* Begin XCConfigurationList section */
		88400FDA238BD81100FA28E7 /* Build configuration list for PBXNativeTarget "SensorsAppExtensionSDK" */ = {
			isa = XCConfigurationList;
			buildConfigurations = (
				88400FDB238BD81100FA28E7 /* Debug */,
				88400FDC238BD81100FA28E7 /* Release */,
			);
			defaultConfigurationIsVisible = 0;
			defaultConfigurationName = Release;
		};
		889C2C0F2372D167008FC64D /* Build configuration list for PBXProject "SensorsSDK" */ = {
			isa = XCConfigurationList;
			buildConfigurations = (
				889C2C272372D167008FC64D /* Debug */,
				889C2C282372D167008FC64D /* Release */,
			);
			defaultConfigurationIsVisible = 0;
			defaultConfigurationName = Release;
		};
		889C2C292372D167008FC64D /* Build configuration list for PBXNativeTarget "SensorsSDK" */ = {
			isa = XCConfigurationList;
			buildConfigurations = (
				889C2C2A2372D167008FC64D /* Debug */,
				889C2C2B2372D167008FC64D /* Release */,
			);
			defaultConfigurationIsVisible = 0;
			defaultConfigurationName = Release;
		};
		889C2C2C2372D167008FC64D /* Build configuration list for PBXNativeTarget "SensorsSDKTests" */ = {
			isa = XCConfigurationList;
			buildConfigurations = (
				889C2C2D2372D167008FC64D /* Debug */,
				889C2C2E2372D167008FC64D /* Release */,
			);
			defaultConfigurationIsVisible = 0;
			defaultConfigurationName = Release;
		};
/* End XCConfigurationList section */
	};
	rootObject = 889C2C0C2372D167008FC64D /* Project object */;
}
