// !$*UTF8*$!
{
	archiveVersion = 1;
	classes = {
	};
	objectVersion = 50;
	objects = {

/* Begin PBXBuildFile section */
		001B1B862296B2DF009FB748 /* SensorsSDK.framework in Frameworks */ = {isa = PBXBuildFile; fileRef = 001B1B7C2296B2DF009FB748 /* SensorsSDK.framework */; };
		001B1B8B2296B2DF009FB748 /* SensorsSDKTests.m in Sources */ = {isa = PBXBuildFile; fileRef = 001B1B8A2296B2DF009FB748 /* SensorsSDKTests.m */; };
		001B1B8D2296B2DF009FB748 /* SensorsSDK.h in Headers */ = {isa = PBXBuildFile; fileRef = 001B1B7F2296B2DF009FB748 /* SensorsSDK.h */; settings = {ATTRIBUTES = (Public, ); }; };
		001B1BA52296B45C009FB748 /* SensorsAnalyticsSDK.h in Headers */ = {isa = PBXBuildFile; fileRef = 001B1BA32296B45C009FB748 /* SensorsAnalyticsSDK.h */; settings = {ATTRIBUTES = (Public, ); }; };
		001B1BA62296B45C009FB748 /* SensorsAnalyticsSDK.m in Sources */ = {isa = PBXBuildFile; fileRef = 001B1BA42296B45C009FB748 /* SensorsAnalyticsSDK.m */; };
		003BCCFF229AE6A50069F68E /* UIViewController+SensorsData.h in Headers */ = {isa = PBXBuildFile; fileRef = 003BCCFD229AE6A50069F68E /* UIViewController+SensorsData.h */; };
		003BCD00229AE6A50069F68E /* UIViewController+SensorsData.m in Sources */ = {isa = PBXBuildFile; fileRef = 003BCCFE229AE6A50069F68E /* UIViewController+SensorsData.m */; };
		004D001422ACEDAD00419706 /* SensorsAnalyticsExceptionHandler.h in Headers */ = {isa = PBXBuildFile; fileRef = 004D001222ACEDAD00419706 /* SensorsAnalyticsExceptionHandler.h */; };
		004D001522ACEDAD00419706 /* SensorsAnalyticsExceptionHandler.m in Sources */ = {isa = PBXBuildFile; fileRef = 004D001322ACEDAD00419706 /* SensorsAnalyticsExceptionHandler.m */; };
		0071A22D229D96C300027FBD /* UIApplication+SensorsData.h in Headers */ = {isa = PBXBuildFile; fileRef = 0071A22B229D96C300027FBD /* UIApplication+SensorsData.h */; };
		0071A22E229D96C300027FBD /* UIApplication+SensorsData.m in Sources */ = {isa = PBXBuildFile; fileRef = 0071A22C229D96C300027FBD /* UIApplication+SensorsData.m */; };
		0071A231229FB2E700027FBD /* UIView+SensorsData.h in Headers */ = {isa = PBXBuildFile; fileRef = 0071A22F229FB2E700027FBD /* UIView+SensorsData.h */; };
		0071A232229FB2E700027FBD /* UIView+SensorsData.m in Sources */ = {isa = PBXBuildFile; fileRef = 0071A230229FB2E700027FBD /* UIView+SensorsData.m */; };
		8801FB9722DDA0BB009FA0F3 /* UIScrollView+SensorsData.h in Headers */ = {isa = PBXBuildFile; fileRef = 8801FB9522DDA0BB009FA0F3 /* UIScrollView+SensorsData.h */; };
		8801FB9822DDA0BB009FA0F3 /* UIScrollView+SensorsData.m in Sources */ = {isa = PBXBuildFile; fileRef = 8801FB9622DDA0BB009FA0F3 /* UIScrollView+SensorsData.m */; };
		8801FB9B22DDA200009FA0F3 /* UICollectionView+SensorsData.h in Headers */ = {isa = PBXBuildFile; fileRef = 8801FB9922DDA200009FA0F3 /* UICollectionView+SensorsData.h */; };
		8801FB9C22DDA200009FA0F3 /* UICollectionView+SensorsData.m in Sources */ = {isa = PBXBuildFile; fileRef = 8801FB9A22DDA200009FA0F3 /* UICollectionView+SensorsData.m */; };
		8802A123230BFE2700262F9B /* SensorsAnalyticsFileStore.h in Headers */ = {isa = PBXBuildFile; fileRef = 8802A121230BFE2700262F9B /* SensorsAnalyticsFileStore.h */; };
		8802A124230BFE2700262F9B /* SensorsAnalyticsFileStore.m in Sources */ = {isa = PBXBuildFile; fileRef = 8802A122230BFE2700262F9B /* SensorsAnalyticsFileStore.m */; };
		8803D5862325198E0092C43D /* SensorsAnalyticsNetwork.h in Headers */ = {isa = PBXBuildFile; fileRef = 8803D5842325198E0092C43D /* SensorsAnalyticsNetwork.h */; };
		8803D5872325198E0092C43D /* SensorsAnalyticsNetwork.m in Sources */ = {isa = PBXBuildFile; fileRef = 8803D5852325198E0092C43D /* SensorsAnalyticsNetwork.m */; };
		886467D02359CF0400CE580C /* SensorsAppExtensionSDK.framework in Frameworks */ = {isa = PBXBuildFile; fileRef = 886467C72359CF0400CE580C /* SensorsAppExtensionSDK.framework */; };
		886467D52359CF0400CE580C /* SensorsAppExtensionSDKTests.m in Sources */ = {isa = PBXBuildFile; fileRef = 886467D42359CF0400CE580C /* SensorsAppExtensionSDKTests.m */; };
		886467D72359CF0400CE580C /* SensorsAppExtensionSDK.h in Headers */ = {isa = PBXBuildFile; fileRef = 886467C92359CF0400CE580C /* SensorsAppExtensionSDK.h */; settings = {ATTRIBUTES = (Public, ); }; };
		886467DE2359CF1600CE580C /* SensorsAnalyticsExtensionDatsManager.m in Sources */ = {isa = PBXBuildFile; fileRef = 88C7FF042354B0EB00601DB4 /* SensorsAnalyticsExtensionDatsManager.m */; };
		886467DF2359CF1900CE580C /* SensorsAnalyticsExtensionDatsManager.h in Headers */ = {isa = PBXBuildFile; fileRef = 88C7FF032354B0EB00601DB4 /* SensorsAnalyticsExtensionDatsManager.h */; settings = {ATTRIBUTES = (Public, ); }; };
		88A51A3822F1831900D53786 /* UIGestureRecognizer+SensorsData.h in Headers */ = {isa = PBXBuildFile; fileRef = 88A51A3622F1831900D53786 /* UIGestureRecognizer+SensorsData.h */; };
		88A51A3922F1831900D53786 /* UIGestureRecognizer+SensorsData.m in Sources */ = {isa = PBXBuildFile; fileRef = 88A51A3722F1831900D53786 /* UIGestureRecognizer+SensorsData.m */; };
		88BB239A231695340006E204 /* libsqlite3.0.tbd in Frameworks */ = {isa = PBXBuildFile; fileRef = 88BB2399231695340006E204 /* libsqlite3.0.tbd */; };
		88BB239D231695510006E204 /* SensorsAnalyticsDatabase.h in Headers */ = {isa = PBXBuildFile; fileRef = 88BB239B231695510006E204 /* SensorsAnalyticsDatabase.h */; };
		88BB239E231695510006E204 /* SensorsAnalyticsDatabase.m in Sources */ = {isa = PBXBuildFile; fileRef = 88BB239C231695510006E204 /* SensorsAnalyticsDatabase.m */; };
		88C7FF052354B0EB00601DB4 /* SensorsAnalyticsExtensionDatsManager.h in Headers */ = {isa = PBXBuildFile; fileRef = 88C7FF032354B0EB00601DB4 /* SensorsAnalyticsExtensionDatsManager.h */; };
		88C7FF062354B0EB00601DB4 /* SensorsAnalyticsExtensionDatsManager.m in Sources */ = {isa = PBXBuildFile; fileRef = 88C7FF042354B0EB00601DB4 /* SensorsAnalyticsExtensionDatsManager.m */; };
		88D261462320E14900FC4B79 /* UIControl+SensorsData.h in Headers */ = {isa = PBXBuildFile; fileRef = 88D261442320E14900FC4B79 /* UIControl+SensorsData.h */; };
		88D261472320E14900FC4B79 /* UIControl+SensorsData.m in Sources */ = {isa = PBXBuildFile; fileRef = 88D261452320E14900FC4B79 /* UIControl+SensorsData.m */; };
		CB57460422BDCD09008FB320 /* NSObject+SASwizzle.h in Headers */ = {isa = PBXBuildFile; fileRef = CB57460222BDCD09008FB320 /* NSObject+SASwizzle.h */; };
		CB57460522BDCD09008FB320 /* NSObject+SASwizzle.m in Sources */ = {isa = PBXBuildFile; fileRef = CB57460322BDCD09008FB320 /* NSObject+SASwizzle.m */; };
		CB57460B22BE0713008FB320 /* SensorsAnalyticsSwizzle.h in Headers */ = {isa = PBXBuildFile; fileRef = CB57460922BE0713008FB320 /* SensorsAnalyticsSwizzle.h */; };
		CB57460C22BE0713008FB320 /* SensorsAnalyticsSwizzle.m in Sources */ = {isa = PBXBuildFile; fileRef = CB57460A22BE0713008FB320 /* SensorsAnalyticsSwizzle.m */; };
		CB98CC1222C385440051A82F /* SensorsAnalyticsDynamicDelegate.h in Headers */ = {isa = PBXBuildFile; fileRef = CB98CC1022C385440051A82F /* SensorsAnalyticsDynamicDelegate.h */; };
		CB98CC1322C385440051A82F /* SensorsAnalyticsDynamicDelegate.m in Sources */ = {isa = PBXBuildFile; fileRef = CB98CC1122C385440051A82F /* SensorsAnalyticsDynamicDelegate.m */; };
		CBC6556022CA1EDF0006CDE5 /* SensorsAnalyticsDelegateProxy.m in Sources */ = {isa = PBXBuildFile; fileRef = CBC6555F22CA1EDF0006CDE5 /* SensorsAnalyticsDelegateProxy.m */; };
		CBC6556222CA1EF60006CDE5 /* SensorsAnalyticsDelegateProxy.h in Headers */ = {isa = PBXBuildFile; fileRef = CBC6556122CA1EF60006CDE5 /* SensorsAnalyticsDelegateProxy.h */; };
		CBD8EF1422CDE5BD00D83D0B /* TargetProxy.h in Headers */ = {isa = PBXBuildFile; fileRef = CBD8EF1222CDE5BD00D83D0B /* TargetProxy.h */; };
		CBD8EF1522CDE5BD00D83D0B /* TargetProxy.m in Sources */ = {isa = PBXBuildFile; fileRef = CBD8EF1322CDE5BD00D83D0B /* TargetProxy.m */; };
		CBDA55AA22BCE25F005221B7 /* UITableView+SensorsData.h in Headers */ = {isa = PBXBuildFile; fileRef = CBDA55A822BCE25F005221B7 /* UITableView+SensorsData.h */; };
		CBDA55AB22BCE25F005221B7 /* UITableView+SensorsData.m in Sources */ = {isa = PBXBuildFile; fileRef = CBDA55A922BCE25F005221B7 /* UITableView+SensorsData.m */; };
/* End PBXBuildFile section */

/* Begin PBXContainerItemProxy section */
		001B1B872296B2DF009FB748 /* PBXContainerItemProxy */ = {
			isa = PBXContainerItemProxy;
			containerPortal = 001B1B732296B2DF009FB748 /* Project object */;
			proxyType = 1;
			remoteGlobalIDString = 001B1B7B2296B2DF009FB748;
			remoteInfo = SensorsSDK;
		};
		886467D12359CF0400CE580C /* PBXContainerItemProxy */ = {
			isa = PBXContainerItemProxy;
			containerPortal = 001B1B732296B2DF009FB748 /* Project object */;
			proxyType = 1;
			remoteGlobalIDString = 886467C62359CF0400CE580C;
			remoteInfo = SensorsAppExtensionSDK;
		};
/* End PBXContainerItemProxy section */

/* Begin PBXFileReference section */
		001B1B7C2296B2DF009FB748 /* SensorsSDK.framework */ = {isa = PBXFileReference; explicitFileType = wrapper.framework; includeInIndex = 0; path = SensorsSDK.framework; sourceTree = BUILT_PRODUCTS_DIR; };
		001B1B7F2296B2DF009FB748 /* SensorsSDK.h */ = {isa = PBXFileReference; lastKnownFileType = sourcecode.c.h; path = SensorsSDK.h; sourceTree = "<group>"; };
		001B1B802296B2DF009FB748 /* Info.plist */ = {isa = PBXFileReference; lastKnownFileType = text.plist.xml; path = Info.plist; sourceTree = "<group>"; };
		001B1B852296B2DF009FB748 /* SensorsSDKTests.xctest */ = {isa = PBXFileReference; explicitFileType = wrapper.cfbundle; includeInIndex = 0; path = SensorsSDKTests.xctest; sourceTree = BUILT_PRODUCTS_DIR; };
		001B1B8A2296B2DF009FB748 /* SensorsSDKTests.m */ = {isa = PBXFileReference; lastKnownFileType = sourcecode.c.objc; path = SensorsSDKTests.m; sourceTree = "<group>"; };
		001B1B8C2296B2DF009FB748 /* Info.plist */ = {isa = PBXFileReference; lastKnownFileType = text.plist.xml; path = Info.plist; sourceTree = "<group>"; };
		001B1BA32296B45C009FB748 /* SensorsAnalyticsSDK.h */ = {isa = PBXFileReference; lastKnownFileType = sourcecode.c.h; path = SensorsAnalyticsSDK.h; sourceTree = "<group>"; };
		001B1BA42296B45C009FB748 /* SensorsAnalyticsSDK.m */ = {isa = PBXFileReference; lastKnownFileType = sourcecode.c.objc; path = SensorsAnalyticsSDK.m; sourceTree = "<group>"; };
		003BCCFD229AE6A50069F68E /* UIViewController+SensorsData.h */ = {isa = PBXFileReference; lastKnownFileType = sourcecode.c.h; path = "UIViewController+SensorsData.h"; sourceTree = "<group>"; };
		003BCCFE229AE6A50069F68E /* UIViewController+SensorsData.m */ = {isa = PBXFileReference; lastKnownFileType = sourcecode.c.objc; path = "UIViewController+SensorsData.m"; sourceTree = "<group>"; };
		004D001222ACEDAD00419706 /* SensorsAnalyticsExceptionHandler.h */ = {isa = PBXFileReference; lastKnownFileType = sourcecode.c.h; path = SensorsAnalyticsExceptionHandler.h; sourceTree = "<group>"; };
		004D001322ACEDAD00419706 /* SensorsAnalyticsExceptionHandler.m */ = {isa = PBXFileReference; lastKnownFileType = sourcecode.c.objc; path = SensorsAnalyticsExceptionHandler.m; sourceTree = "<group>"; };
		0071A22B229D96C300027FBD /* UIApplication+SensorsData.h */ = {isa = PBXFileReference; lastKnownFileType = sourcecode.c.h; path = "UIApplication+SensorsData.h"; sourceTree = "<group>"; };
		0071A22C229D96C300027FBD /* UIApplication+SensorsData.m */ = {isa = PBXFileReference; lastKnownFileType = sourcecode.c.objc; path = "UIApplication+SensorsData.m"; sourceTree = "<group>"; };
		0071A22F229FB2E700027FBD /* UIView+SensorsData.h */ = {isa = PBXFileReference; lastKnownFileType = sourcecode.c.h; path = "UIView+SensorsData.h"; sourceTree = "<group>"; };
		0071A230229FB2E700027FBD /* UIView+SensorsData.m */ = {isa = PBXFileReference; lastKnownFileType = sourcecode.c.objc; path = "UIView+SensorsData.m"; sourceTree = "<group>"; };
		8801FB9522DDA0BB009FA0F3 /* UIScrollView+SensorsData.h */ = {isa = PBXFileReference; lastKnownFileType = sourcecode.c.h; path = "UIScrollView+SensorsData.h"; sourceTree = "<group>"; };
		8801FB9622DDA0BB009FA0F3 /* UIScrollView+SensorsData.m */ = {isa = PBXFileReference; lastKnownFileType = sourcecode.c.objc; path = "UIScrollView+SensorsData.m"; sourceTree = "<group>"; };
		8801FB9922DDA200009FA0F3 /* UICollectionView+SensorsData.h */ = {isa = PBXFileReference; lastKnownFileType = sourcecode.c.h; path = "UICollectionView+SensorsData.h"; sourceTree = "<group>"; };
		8801FB9A22DDA200009FA0F3 /* UICollectionView+SensorsData.m */ = {isa = PBXFileReference; lastKnownFileType = sourcecode.c.objc; path = "UICollectionView+SensorsData.m"; sourceTree = "<group>"; };
		8802A121230BFE2700262F9B /* SensorsAnalyticsFileStore.h */ = {isa = PBXFileReference; lastKnownFileType = sourcecode.c.h; path = SensorsAnalyticsFileStore.h; sourceTree = "<group>"; };
		8802A122230BFE2700262F9B /* SensorsAnalyticsFileStore.m */ = {isa = PBXFileReference; lastKnownFileType = sourcecode.c.objc; path = SensorsAnalyticsFileStore.m; sourceTree = "<group>"; };
		8803D5842325198E0092C43D /* SensorsAnalyticsNetwork.h */ = {isa = PBXFileReference; lastKnownFileType = sourcecode.c.h; path = SensorsAnalyticsNetwork.h; sourceTree = "<group>"; };
		8803D5852325198E0092C43D /* SensorsAnalyticsNetwork.m */ = {isa = PBXFileReference; lastKnownFileType = sourcecode.c.objc; path = SensorsAnalyticsNetwork.m; sourceTree = "<group>"; };
		886467C72359CF0400CE580C /* SensorsAppExtensionSDK.framework */ = {isa = PBXFileReference; explicitFileType = wrapper.framework; includeInIndex = 0; path = SensorsAppExtensionSDK.framework; sourceTree = BUILT_PRODUCTS_DIR; };
		886467C92359CF0400CE580C /* SensorsAppExtensionSDK.h */ = {isa = PBXFileReference; lastKnownFileType = sourcecode.c.h; path = SensorsAppExtensionSDK.h; sourceTree = "<group>"; };
		886467CA2359CF0400CE580C /* Info.plist */ = {isa = PBXFileReference; lastKnownFileType = text.plist.xml; path = Info.plist; sourceTree = "<group>"; };
		886467CF2359CF0400CE580C /* SensorsAppExtensionSDKTests.xctest */ = {isa = PBXFileReference; explicitFileType = wrapper.cfbundle; includeInIndex = 0; path = SensorsAppExtensionSDKTests.xctest; sourceTree = BUILT_PRODUCTS_DIR; };
		886467D42359CF0400CE580C /* SensorsAppExtensionSDKTests.m */ = {isa = PBXFileReference; lastKnownFileType = sourcecode.c.objc; path = SensorsAppExtensionSDKTests.m; sourceTree = "<group>"; };
		886467D62359CF0400CE580C /* Info.plist */ = {isa = PBXFileReference; lastKnownFileType = text.plist.xml; path = Info.plist; sourceTree = "<group>"; };
		88A51A3622F1831900D53786 /* UIGestureRecognizer+SensorsData.h */ = {isa = PBXFileReference; lastKnownFileType = sourcecode.c.h; path = "UIGestureRecognizer+SensorsData.h"; sourceTree = "<group>"; };
		88A51A3722F1831900D53786 /* UIGestureRecognizer+SensorsData.m */ = {isa = PBXFileReference; lastKnownFileType = sourcecode.c.objc; path = "UIGestureRecognizer+SensorsData.m"; sourceTree = "<group>"; };
		88BB2399231695340006E204 /* libsqlite3.0.tbd */ = {isa = PBXFileReference; lastKnownFileType = "sourcecode.text-based-dylib-definition"; name = libsqlite3.0.tbd; path = usr/lib/libsqlite3.0.tbd; sourceTree = SDKROOT; };
		88BB239B231695510006E204 /* SensorsAnalyticsDatabase.h */ = {isa = PBXFileReference; lastKnownFileType = sourcecode.c.h; path = SensorsAnalyticsDatabase.h; sourceTree = "<group>"; };
		88BB239C231695510006E204 /* SensorsAnalyticsDatabase.m */ = {isa = PBXFileReference; lastKnownFileType = sourcecode.c.objc; path = SensorsAnalyticsDatabase.m; sourceTree = "<group>"; };
		88C7FF032354B0EB00601DB4 /* SensorsAnalyticsExtensionDatsManager.h */ = {isa = PBXFileReference; lastKnownFileType = sourcecode.c.h; path = SensorsAnalyticsExtensionDatsManager.h; sourceTree = "<group>"; };
		88C7FF042354B0EB00601DB4 /* SensorsAnalyticsExtensionDatsManager.m */ = {isa = PBXFileReference; lastKnownFileType = sourcecode.c.objc; path = SensorsAnalyticsExtensionDatsManager.m; sourceTree = "<group>"; };
		88D261442320E14900FC4B79 /* UIControl+SensorsData.h */ = {isa = PBXFileReference; lastKnownFileType = sourcecode.c.h; path = "UIControl+SensorsData.h"; sourceTree = "<group>"; };
		88D261452320E14900FC4B79 /* UIControl+SensorsData.m */ = {isa = PBXFileReference; lastKnownFileType = sourcecode.c.objc; path = "UIControl+SensorsData.m"; sourceTree = "<group>"; };
		CB57460222BDCD09008FB320 /* NSObject+SASwizzle.h */ = {isa = PBXFileReference; lastKnownFileType = sourcecode.c.h; path = "NSObject+SASwizzle.h"; sourceTree = "<group>"; };
		CB57460322BDCD09008FB320 /* NSObject+SASwizzle.m */ = {isa = PBXFileReference; lastKnownFileType = sourcecode.c.objc; path = "NSObject+SASwizzle.m"; sourceTree = "<group>"; };
		CB57460922BE0713008FB320 /* SensorsAnalyticsSwizzle.h */ = {isa = PBXFileReference; lastKnownFileType = sourcecode.c.h; path = SensorsAnalyticsSwizzle.h; sourceTree = "<group>"; };
		CB57460A22BE0713008FB320 /* SensorsAnalyticsSwizzle.m */ = {isa = PBXFileReference; lastKnownFileType = sourcecode.c.objc; path = SensorsAnalyticsSwizzle.m; sourceTree = "<group>"; };
		CB98CC1022C385440051A82F /* SensorsAnalyticsDynamicDelegate.h */ = {isa = PBXFileReference; lastKnownFileType = sourcecode.c.h; path = SensorsAnalyticsDynamicDelegate.h; sourceTree = "<group>"; };
		CB98CC1122C385440051A82F /* SensorsAnalyticsDynamicDelegate.m */ = {isa = PBXFileReference; lastKnownFileType = sourcecode.c.objc; path = SensorsAnalyticsDynamicDelegate.m; sourceTree = "<group>"; };
		CBC6555F22CA1EDF0006CDE5 /* SensorsAnalyticsDelegateProxy.m */ = {isa = PBXFileReference; lastKnownFileType = sourcecode.c.objc; path = SensorsAnalyticsDelegateProxy.m; sourceTree = "<group>"; };
		CBC6556122CA1EF60006CDE5 /* SensorsAnalyticsDelegateProxy.h */ = {isa = PBXFileReference; fileEncoding = 4; lastKnownFileType = sourcecode.c.h; path = SensorsAnalyticsDelegateProxy.h; sourceTree = "<group>"; };
		CBD8EF1222CDE5BD00D83D0B /* TargetProxy.h */ = {isa = PBXFileReference; lastKnownFileType = sourcecode.c.h; path = TargetProxy.h; sourceTree = "<group>"; };
		CBD8EF1322CDE5BD00D83D0B /* TargetProxy.m */ = {isa = PBXFileReference; lastKnownFileType = sourcecode.c.objc; path = TargetProxy.m; sourceTree = "<group>"; };
		CBDA55A822BCE25F005221B7 /* UITableView+SensorsData.h */ = {isa = PBXFileReference; lastKnownFileType = sourcecode.c.h; path = "UITableView+SensorsData.h"; sourceTree = "<group>"; };
		CBDA55A922BCE25F005221B7 /* UITableView+SensorsData.m */ = {isa = PBXFileReference; lastKnownFileType = sourcecode.c.objc; path = "UITableView+SensorsData.m"; sourceTree = "<group>"; };
/* End PBXFileReference section */

/* Begin PBXFrameworksBuildPhase section */
		001B1B792296B2DF009FB748 /* Frameworks */ = {
			isa = PBXFrameworksBuildPhase;
			buildActionMask = 2147483647;
			files = (
				88BB239A231695340006E204 /* libsqlite3.0.tbd in Frameworks */,
			);
			runOnlyForDeploymentPostprocessing = 0;
		};
		001B1B822296B2DF009FB748 /* Frameworks */ = {
			isa = PBXFrameworksBuildPhase;
			buildActionMask = 2147483647;
			files = (
				001B1B862296B2DF009FB748 /* SensorsSDK.framework in Frameworks */,
			);
			runOnlyForDeploymentPostprocessing = 0;
		};
		886467C42359CF0400CE580C /* Frameworks */ = {
			isa = PBXFrameworksBuildPhase;
			buildActionMask = 2147483647;
			files = (
			);
			runOnlyForDeploymentPostprocessing = 0;
		};
		886467CC2359CF0400CE580C /* Frameworks */ = {
			isa = PBXFrameworksBuildPhase;
			buildActionMask = 2147483647;
			files = (
				886467D02359CF0400CE580C /* SensorsAppExtensionSDK.framework in Frameworks */,
			);
			runOnlyForDeploymentPostprocessing = 0;
		};
/* End PBXFrameworksBuildPhase section */

/* Begin PBXGroup section */
		001B1B722296B2DF009FB748 = {
			isa = PBXGroup;
			children = (
				001B1B7E2296B2DF009FB748 /* SensorsSDK */,
				001B1B892296B2DF009FB748 /* SensorsSDKTests */,
				886467C82359CF0400CE580C /* SensorsAppExtensionSDK */,
				886467D32359CF0400CE580C /* SensorsAppExtensionSDKTests */,
				001B1B7D2296B2DF009FB748 /* Products */,
				88BB2398231695340006E204 /* Frameworks */,
			);
			sourceTree = "<group>";
		};
		001B1B7D2296B2DF009FB748 /* Products */ = {
			isa = PBXGroup;
			children = (
				001B1B7C2296B2DF009FB748 /* SensorsSDK.framework */,
				001B1B852296B2DF009FB748 /* SensorsSDKTests.xctest */,
				886467C72359CF0400CE580C /* SensorsAppExtensionSDK.framework */,
				886467CF2359CF0400CE580C /* SensorsAppExtensionSDKTests.xctest */,
			);
			name = Products;
			sourceTree = "<group>";
		};
		001B1B7E2296B2DF009FB748 /* SensorsSDK */ = {
			isa = PBXGroup;
			children = (
				CB57460122BDCC69008FB320 /* Core */,
				CBDA55AC22BCE2EF005221B7 /* Category */,
				001B1B7F2296B2DF009FB748 /* SensorsSDK.h */,
				001B1B802296B2DF009FB748 /* Info.plist */,
			);
			path = SensorsSDK;
			sourceTree = "<group>";
		};
		001B1B892296B2DF009FB748 /* SensorsSDKTests */ = {
			isa = PBXGroup;
			children = (
				001B1B8A2296B2DF009FB748 /* SensorsSDKTests.m */,
				001B1B8C2296B2DF009FB748 /* Info.plist */,
			);
			path = SensorsSDKTests;
			sourceTree = "<group>";
		};
		886467C82359CF0400CE580C /* SensorsAppExtensionSDK */ = {
			isa = PBXGroup;
			children = (
				886467C92359CF0400CE580C /* SensorsAppExtensionSDK.h */,
				886467CA2359CF0400CE580C /* Info.plist */,
			);
			path = SensorsAppExtensionSDK;
			sourceTree = "<group>";
		};
		886467D32359CF0400CE580C /* SensorsAppExtensionSDKTests */ = {
			isa = PBXGroup;
			children = (
				886467D42359CF0400CE580C /* SensorsAppExtensionSDKTests.m */,
				886467D62359CF0400CE580C /* Info.plist */,
			);
			path = SensorsAppExtensionSDKTests;
			sourceTree = "<group>";
		};
		88BB2398231695340006E204 /* Frameworks */ = {
			isa = PBXGroup;
			children = (
				88BB2399231695340006E204 /* libsqlite3.0.tbd */,
			);
			name = Frameworks;
			sourceTree = "<group>";
		};
		CB57460122BDCC69008FB320 /* Core */ = {
			isa = PBXGroup;
			children = (
				001B1BA32296B45C009FB748 /* SensorsAnalyticsSDK.h */,
				001B1BA42296B45C009FB748 /* SensorsAnalyticsSDK.m */,
				88C7FF032354B0EB00601DB4 /* SensorsAnalyticsExtensionDatsManager.h */,
				88C7FF042354B0EB00601DB4 /* SensorsAnalyticsExtensionDatsManager.m */,
				004D001222ACEDAD00419706 /* SensorsAnalyticsExceptionHandler.h */,
				004D001322ACEDAD00419706 /* SensorsAnalyticsExceptionHandler.m */,
				CB57460922BE0713008FB320 /* SensorsAnalyticsSwizzle.h */,
				CB57460A22BE0713008FB320 /* SensorsAnalyticsSwizzle.m */,
				CB98CC1022C385440051A82F /* SensorsAnalyticsDynamicDelegate.h */,
				CB98CC1122C385440051A82F /* SensorsAnalyticsDynamicDelegate.m */,
				CBC6556122CA1EF60006CDE5 /* SensorsAnalyticsDelegateProxy.h */,
				CBC6555F22CA1EDF0006CDE5 /* SensorsAnalyticsDelegateProxy.m */,
				8802A121230BFE2700262F9B /* SensorsAnalyticsFileStore.h */,
				8802A122230BFE2700262F9B /* SensorsAnalyticsFileStore.m */,
				88BB239B231695510006E204 /* SensorsAnalyticsDatabase.h */,
				88BB239C231695510006E204 /* SensorsAnalyticsDatabase.m */,
				8803D5842325198E0092C43D /* SensorsAnalyticsNetwork.h */,
				8803D5852325198E0092C43D /* SensorsAnalyticsNetwork.m */,
				CB57460222BDCD09008FB320 /* NSObject+SASwizzle.h */,
				CB57460322BDCD09008FB320 /* NSObject+SASwizzle.m */,
				CBD8EF1222CDE5BD00D83D0B /* TargetProxy.h */,
				CBD8EF1322CDE5BD00D83D0B /* TargetProxy.m */,
			);
			path = Core;
			sourceTree = "<group>";
		};
		CBDA55AC22BCE2EF005221B7 /* Category */ = {
			isa = PBXGroup;
			children = (
				003BCCFD229AE6A50069F68E /* UIViewController+SensorsData.h */,
				003BCCFE229AE6A50069F68E /* UIViewController+SensorsData.m */,
				0071A22B229D96C300027FBD /* UIApplication+SensorsData.h */,
				0071A22C229D96C300027FBD /* UIApplication+SensorsData.m */,
				0071A22F229FB2E700027FBD /* UIView+SensorsData.h */,
				0071A230229FB2E700027FBD /* UIView+SensorsData.m */,
				88D261442320E14900FC4B79 /* UIControl+SensorsData.h */,
				88D261452320E14900FC4B79 /* UIControl+SensorsData.m */,
				CBDA55A822BCE25F005221B7 /* UITableView+SensorsData.h */,
				CBDA55A922BCE25F005221B7 /* UITableView+SensorsData.m */,
				8801FB9922DDA200009FA0F3 /* UICollectionView+SensorsData.h */,
				8801FB9A22DDA200009FA0F3 /* UICollectionView+SensorsData.m */,
				8801FB9522DDA0BB009FA0F3 /* UIScrollView+SensorsData.h */,
				8801FB9622DDA0BB009FA0F3 /* UIScrollView+SensorsData.m */,
				88A51A3622F1831900D53786 /* UIGestureRecognizer+SensorsData.h */,
				88A51A3722F1831900D53786 /* UIGestureRecognizer+SensorsData.m */,
			);
			path = Category;
			sourceTree = "<group>";
		};
/* End PBXGroup section */

/* Begin PBXHeadersBuildPhase section */
		001B1B772296B2DF009FB748 /* Headers */ = {
			isa = PBXHeadersBuildPhase;
			buildActionMask = 2147483647;
			files = (
				CBDA55AA22BCE25F005221B7 /* UITableView+SensorsData.h in Headers */,
				88C7FF052354B0EB00601DB4 /* SensorsAnalyticsExtensionDatsManager.h in Headers */,
				88A51A3822F1831900D53786 /* UIGestureRecognizer+SensorsData.h in Headers */,
				CB57460B22BE0713008FB320 /* SensorsAnalyticsSwizzle.h in Headers */,
				8802A123230BFE2700262F9B /* SensorsAnalyticsFileStore.h in Headers */,
				001B1BA52296B45C009FB748 /* SensorsAnalyticsSDK.h in Headers */,
				0071A22D229D96C300027FBD /* UIApplication+SensorsData.h in Headers */,
				CB57460422BDCD09008FB320 /* NSObject+SASwizzle.h in Headers */,
				004D001422ACEDAD00419706 /* SensorsAnalyticsExceptionHandler.h in Headers */,
				88D261462320E14900FC4B79 /* UIControl+SensorsData.h in Headers */,
				CB98CC1222C385440051A82F /* SensorsAnalyticsDynamicDelegate.h in Headers */,
				8803D5862325198E0092C43D /* SensorsAnalyticsNetwork.h in Headers */,
				CBC6556222CA1EF60006CDE5 /* SensorsAnalyticsDelegateProxy.h in Headers */,
				88BB239D231695510006E204 /* SensorsAnalyticsDatabase.h in Headers */,
				8801FB9722DDA0BB009FA0F3 /* UIScrollView+SensorsData.h in Headers */,
				8801FB9B22DDA200009FA0F3 /* UICollectionView+SensorsData.h in Headers */,
				CBD8EF1422CDE5BD00D83D0B /* TargetProxy.h in Headers */,
				001B1B8D2296B2DF009FB748 /* SensorsSDK.h in Headers */,
				003BCCFF229AE6A50069F68E /* UIViewController+SensorsData.h in Headers */,
				0071A231229FB2E700027FBD /* UIView+SensorsData.h in Headers */,
			);
			runOnlyForDeploymentPostprocessing = 0;
		};
		886467C22359CF0400CE580C /* Headers */ = {
			isa = PBXHeadersBuildPhase;
			buildActionMask = 2147483647;
			files = (
				886467D72359CF0400CE580C /* SensorsAppExtensionSDK.h in Headers */,
				886467DF2359CF1900CE580C /* SensorsAnalyticsExtensionDatsManager.h in Headers */,
			);
			runOnlyForDeploymentPostprocessing = 0;
		};
/* End PBXHeadersBuildPhase section */

/* Begin PBXNativeTarget section */
		001B1B7B2296B2DF009FB748 /* SensorsSDK */ = {
			isa = PBXNativeTarget;
			buildConfigurationList = 001B1B902296B2DF009FB748 /* Build configuration list for PBXNativeTarget "SensorsSDK" */;
			buildPhases = (
				001B1B772296B2DF009FB748 /* Headers */,
				001B1B782296B2DF009FB748 /* Sources */,
				001B1B792296B2DF009FB748 /* Frameworks */,
				001B1B7A2296B2DF009FB748 /* Resources */,
			);
			buildRules = (
			);
			dependencies = (
			);
			name = SensorsSDK;
			productName = SensorsSDK;
			productReference = 001B1B7C2296B2DF009FB748 /* SensorsSDK.framework */;
			productType = "com.apple.product-type.framework";
		};
		001B1B842296B2DF009FB748 /* SensorsSDKTests */ = {
			isa = PBXNativeTarget;
			buildConfigurationList = 001B1B932296B2DF009FB748 /* Build configuration list for PBXNativeTarget "SensorsSDKTests" */;
			buildPhases = (
				001B1B812296B2DF009FB748 /* Sources */,
				001B1B822296B2DF009FB748 /* Frameworks */,
				001B1B832296B2DF009FB748 /* Resources */,
			);
			buildRules = (
			);
			dependencies = (
				001B1B882296B2DF009FB748 /* PBXTargetDependency */,
			);
			name = SensorsSDKTests;
			productName = SensorsSDKTests;
			productReference = 001B1B852296B2DF009FB748 /* SensorsSDKTests.xctest */;
			productType = "com.apple.product-type.bundle.unit-test";
		};
		886467C62359CF0400CE580C /* SensorsAppExtensionSDK */ = {
			isa = PBXNativeTarget;
			buildConfigurationList = 886467D82359CF0400CE580C /* Build configuration list for PBXNativeTarget "SensorsAppExtensionSDK" */;
			buildPhases = (
				886467C22359CF0400CE580C /* Headers */,
				886467C32359CF0400CE580C /* Sources */,
				886467C42359CF0400CE580C /* Frameworks */,
				886467C52359CF0400CE580C /* Resources */,
			);
			buildRules = (
			);
			dependencies = (
			);
			name = SensorsAppExtensionSDK;
			productName = SensorsAppExtensionSDK;
			productReference = 886467C72359CF0400CE580C /* SensorsAppExtensionSDK.framework */;
			productType = "com.apple.product-type.framework";
		};
		886467CE2359CF0400CE580C /* SensorsAppExtensionSDKTests */ = {
			isa = PBXNativeTarget;
			buildConfigurationList = 886467DB2359CF0400CE580C /* Build configuration list for PBXNativeTarget "SensorsAppExtensionSDKTests" */;
			buildPhases = (
				886467CB2359CF0400CE580C /* Sources */,
				886467CC2359CF0400CE580C /* Frameworks */,
				886467CD2359CF0400CE580C /* Resources */,
			);
			buildRules = (
			);
			dependencies = (
				886467D22359CF0400CE580C /* PBXTargetDependency */,
			);
			name = SensorsAppExtensionSDKTests;
			productName = SensorsAppExtensionSDKTests;
			productReference = 886467CF2359CF0400CE580C /* SensorsAppExtensionSDKTests.xctest */;
			productType = "com.apple.product-type.bundle.unit-test";
		};
/* End PBXNativeTarget section */

/* Begin PBXProject section */
		001B1B732296B2DF009FB748 /* Project object */ = {
			isa = PBXProject;
			attributes = {
				LastUpgradeCheck = 1020;
				ORGANIZATIONNAME = "王灼洲";
				TargetAttributes = {
					001B1B7B2296B2DF009FB748 = {
						CreatedOnToolsVersion = 10.2.1;
					};
					001B1B842296B2DF009FB748 = {
						CreatedOnToolsVersion = 10.2.1;
					};
					886467C62359CF0400CE580C = {
						CreatedOnToolsVersion = 11.1;
					};
					886467CE2359CF0400CE580C = {
						CreatedOnToolsVersion = 11.1;
					};
				};
			};
			buildConfigurationList = 001B1B762296B2DF009FB748 /* Build configuration list for PBXProject "SensorsSDK" */;
			compatibilityVersion = "Xcode 9.3";
			developmentRegion = en;
			hasScannedForEncodings = 0;
			knownRegions = (
				en,
			);
			mainGroup = 001B1B722296B2DF009FB748;
			productRefGroup = 001B1B7D2296B2DF009FB748 /* Products */;
			projectDirPath = "";
			projectRoot = "";
			targets = (
				001B1B7B2296B2DF009FB748 /* SensorsSDK */,
				001B1B842296B2DF009FB748 /* SensorsSDKTests */,
				886467C62359CF0400CE580C /* SensorsAppExtensionSDK */,
				886467CE2359CF0400CE580C /* SensorsAppExtensionSDKTests */,
			);
		};
/* End PBXProject section */

/* Begin PBXResourcesBuildPhase section */
		001B1B7A2296B2DF009FB748 /* Resources */ = {
			isa = PBXResourcesBuildPhase;
			buildActionMask = 2147483647;
			files = (
			);
			runOnlyForDeploymentPostprocessing = 0;
		};
		001B1B832296B2DF009FB748 /* Resources */ = {
			isa = PBXResourcesBuildPhase;
			buildActionMask = 2147483647;
			files = (
			);
			runOnlyForDeploymentPostprocessing = 0;
		};
		886467C52359CF0400CE580C /* Resources */ = {
			isa = PBXResourcesBuildPhase;
			buildActionMask = 2147483647;
			files = (
			);
			runOnlyForDeploymentPostprocessing = 0;
		};
		886467CD2359CF0400CE580C /* Resources */ = {
			isa = PBXResourcesBuildPhase;
			buildActionMask = 2147483647;
			files = (
			);
			runOnlyForDeploymentPostprocessing = 0;
		};
/* End PBXResourcesBuildPhase section */

/* Begin PBXSourcesBuildPhase section */
		001B1B782296B2DF009FB748 /* Sources */ = {
			isa = PBXSourcesBuildPhase;
			buildActionMask = 2147483647;
			files = (
				8802A124230BFE2700262F9B /* SensorsAnalyticsFileStore.m in Sources */,
				0071A22E229D96C300027FBD /* UIApplication+SensorsData.m in Sources */,
				CB98CC1322C385440051A82F /* SensorsAnalyticsDynamicDelegate.m in Sources */,
				88C7FF062354B0EB00601DB4 /* SensorsAnalyticsExtensionDatsManager.m in Sources */,
				003BCD00229AE6A50069F68E /* UIViewController+SensorsData.m in Sources */,
				88D261472320E14900FC4B79 /* UIControl+SensorsData.m in Sources */,
				004D001522ACEDAD00419706 /* SensorsAnalyticsExceptionHandler.m in Sources */,
				CBC6556022CA1EDF0006CDE5 /* SensorsAnalyticsDelegateProxy.m in Sources */,
				CBD8EF1522CDE5BD00D83D0B /* TargetProxy.m in Sources */,
				8801FB9C22DDA200009FA0F3 /* UICollectionView+SensorsData.m in Sources */,
				88A51A3922F1831900D53786 /* UIGestureRecognizer+SensorsData.m in Sources */,
				0071A232229FB2E700027FBD /* UIView+SensorsData.m in Sources */,
				8801FB9822DDA0BB009FA0F3 /* UIScrollView+SensorsData.m in Sources */,
				CB57460522BDCD09008FB320 /* NSObject+SASwizzle.m in Sources */,
				CB57460C22BE0713008FB320 /* SensorsAnalyticsSwizzle.m in Sources */,
				001B1BA62296B45C009FB748 /* SensorsAnalyticsSDK.m in Sources */,
				8803D5872325198E0092C43D /* SensorsAnalyticsNetwork.m in Sources */,
				CBDA55AB22BCE25F005221B7 /* UITableView+SensorsData.m in Sources */,
				88BB239E231695510006E204 /* SensorsAnalyticsDatabase.m in Sources */,
			);
			runOnlyForDeploymentPostprocessing = 0;
		};
		001B1B812296B2DF009FB748 /* Sources */ = {
			isa = PBXSourcesBuildPhase;
			buildActionMask = 2147483647;
			files = (
				001B1B8B2296B2DF009FB748 /* SensorsSDKTests.m in Sources */,
			);
			runOnlyForDeploymentPostprocessing = 0;
		};
		886467C32359CF0400CE580C /* Sources */ = {
			isa = PBXSourcesBuildPhase;
			buildActionMask = 2147483647;
			files = (
				886467DE2359CF1600CE580C /* SensorsAnalyticsExtensionDatsManager.m in Sources */,
			);
			runOnlyForDeploymentPostprocessing = 0;
		};
		886467CB2359CF0400CE580C /* Sources */ = {
			isa = PBXSourcesBuildPhase;
			buildActionMask = 2147483647;
			files = (
				886467D52359CF0400CE580C /* SensorsAppExtensionSDKTests.m in Sources */,
			);
			runOnlyForDeploymentPostprocessing = 0;
		};
/* End PBXSourcesBuildPhase section */

/* Begin PBXTargetDependency section */
		001B1B882296B2DF009FB748 /* PBXTargetDependency */ = {
			isa = PBXTargetDependency;
			target = 001B1B7B2296B2DF009FB748 /* SensorsSDK */;
			targetProxy = 001B1B872296B2DF009FB748 /* PBXContainerItemProxy */;
		};
		886467D22359CF0400CE580C /* PBXTargetDependency */ = {
			isa = PBXTargetDependency;
			target = 886467C62359CF0400CE580C /* SensorsAppExtensionSDK */;
			targetProxy = 886467D12359CF0400CE580C /* PBXContainerItemProxy */;
		};
/* End PBXTargetDependency section */

/* Begin XCBuildConfiguration section */
		001B1B8E2296B2DF009FB748 /* Debug */ = {
			isa = XCBuildConfiguration;
			buildSettings = {
				ALWAYS_SEARCH_USER_PATHS = NO;
				CLANG_ANALYZER_NONNULL = YES;
				CLANG_ANALYZER_NUMBER_OBJECT_CONVERSION = YES_AGGRESSIVE;
				CLANG_CXX_LANGUAGE_STANDARD = "gnu++14";
				CLANG_CXX_LIBRARY = "libc++";
				CLANG_ENABLE_MODULES = YES;
				CLANG_ENABLE_OBJC_ARC = YES;
				CLANG_ENABLE_OBJC_WEAK = YES;
				CLANG_WARN_BLOCK_CAPTURE_AUTORELEASING = YES;
				CLANG_WARN_BOOL_CONVERSION = YES;
				CLANG_WARN_COMMA = YES;
				CLANG_WARN_CONSTANT_CONVERSION = YES;
				CLANG_WARN_DEPRECATED_OBJC_IMPLEMENTATIONS = YES;
				CLANG_WARN_DIRECT_OBJC_ISA_USAGE = YES_ERROR;
				CLANG_WARN_DOCUMENTATION_COMMENTS = YES;
				CLANG_WARN_EMPTY_BODY = YES;
				CLANG_WARN_ENUM_CONVERSION = YES;
				CLANG_WARN_INFINITE_RECURSION = YES;
				CLANG_WARN_INT_CONVERSION = YES;
				CLANG_WARN_NON_LITERAL_NULL_CONVERSION = YES;
				CLANG_WARN_OBJC_IMPLICIT_RETAIN_SELF = YES;
				CLANG_WARN_OBJC_LITERAL_CONVERSION = YES;
				CLANG_WARN_OBJC_ROOT_CLASS = YES_ERROR;
				CLANG_WARN_RANGE_LOOP_ANALYSIS = YES;
				CLANG_WARN_STRICT_PROTOTYPES = YES;
				CLANG_WARN_SUSPICIOUS_MOVE = YES;
				CLANG_WARN_UNGUARDED_AVAILABILITY = YES_AGGRESSIVE;
				CLANG_WARN_UNREACHABLE_CODE = YES;
				CLANG_WARN__DUPLICATE_METHOD_MATCH = YES;
				CODE_SIGN_IDENTITY = "iPhone Developer";
				COPY_PHASE_STRIP = NO;
				CURRENT_PROJECT_VERSION = 1;
				DEBUG_INFORMATION_FORMAT = dwarf;
				ENABLE_STRICT_OBJC_MSGSEND = YES;
				ENABLE_TESTABILITY = YES;
				GCC_C_LANGUAGE_STANDARD = gnu11;
				GCC_DYNAMIC_NO_PIC = NO;
				GCC_NO_COMMON_BLOCKS = YES;
				GCC_OPTIMIZATION_LEVEL = 0;
				GCC_PREPROCESSOR_DEFINITIONS = (
					"DEBUG=1",
					"$(inherited)",
				);
				GCC_WARN_64_TO_32_BIT_CONVERSION = YES;
				GCC_WARN_ABOUT_RETURN_TYPE = YES_ERROR;
				GCC_WARN_UNDECLARED_SELECTOR = YES;
				GCC_WARN_UNINITIALIZED_AUTOS = YES_AGGRESSIVE;
				GCC_WARN_UNUSED_FUNCTION = YES;
				GCC_WARN_UNUSED_VARIABLE = YES;
				IPHONEOS_DEPLOYMENT_TARGET = 12.2;
				MTL_ENABLE_DEBUG_INFO = INCLUDE_SOURCE;
				MTL_FAST_MATH = YES;
				ONLY_ACTIVE_ARCH = YES;
				SDKROOT = iphoneos;
				VERSIONING_SYSTEM = "apple-generic";
				VERSION_INFO_PREFIX = "";
			};
			name = Debug;
		};
		001B1B8F2296B2DF009FB748 /* Release */ = {
			isa = XCBuildConfiguration;
			buildSettings = {
				ALWAYS_SEARCH_USER_PATHS = NO;
				CLANG_ANALYZER_NONNULL = YES;
				CLANG_ANALYZER_NUMBER_OBJECT_CONVERSION = YES_AGGRESSIVE;
				CLANG_CXX_LANGUAGE_STANDARD = "gnu++14";
				CLANG_CXX_LIBRARY = "libc++";
				CLANG_ENABLE_MODULES = YES;
				CLANG_ENABLE_OBJC_ARC = YES;
				CLANG_ENABLE_OBJC_WEAK = YES;
				CLANG_WARN_BLOCK_CAPTURE_AUTORELEASING = YES;
				CLANG_WARN_BOOL_CONVERSION = YES;
				CLANG_WARN_COMMA = YES;
				CLANG_WARN_CONSTANT_CONVERSION = YES;
				CLANG_WARN_DEPRECATED_OBJC_IMPLEMENTATIONS = YES;
				CLANG_WARN_DIRECT_OBJC_ISA_USAGE = YES_ERROR;
				CLANG_WARN_DOCUMENTATION_COMMENTS = YES;
				CLANG_WARN_EMPTY_BODY = YES;
				CLANG_WARN_ENUM_CONVERSION = YES;
				CLANG_WARN_INFINITE_RECURSION = YES;
				CLANG_WARN_INT_CONVERSION = YES;
				CLANG_WARN_NON_LITERAL_NULL_CONVERSION = YES;
				CLANG_WARN_OBJC_IMPLICIT_RETAIN_SELF = YES;
				CLANG_WARN_OBJC_LITERAL_CONVERSION = YES;
				CLANG_WARN_OBJC_ROOT_CLASS = YES_ERROR;
				CLANG_WARN_RANGE_LOOP_ANALYSIS = YES;
				CLANG_WARN_STRICT_PROTOTYPES = YES;
				CLANG_WARN_SUSPICIOUS_MOVE = YES;
				CLANG_WARN_UNGUARDED_AVAILABILITY = YES_AGGRESSIVE;
				CLANG_WARN_UNREACHABLE_CODE = YES;
				CLANG_WARN__DUPLICATE_METHOD_MATCH = YES;
				CODE_SIGN_IDENTITY = "iPhone Developer";
				COPY_PHASE_STRIP = NO;
				CURRENT_PROJECT_VERSION = 1;
				DEBUG_INFORMATION_FORMAT = "dwarf-with-dsym";
				ENABLE_NS_ASSERTIONS = NO;
				ENABLE_STRICT_OBJC_MSGSEND = YES;
				GCC_C_LANGUAGE_STANDARD = gnu11;
				GCC_NO_COMMON_BLOCKS = YES;
				GCC_WARN_64_TO_32_BIT_CONVERSION = YES;
				GCC_WARN_ABOUT_RETURN_TYPE = YES_ERROR;
				GCC_WARN_UNDECLARED_SELECTOR = YES;
				GCC_WARN_UNINITIALIZED_AUTOS = YES_AGGRESSIVE;
				GCC_WARN_UNUSED_FUNCTION = YES;
				GCC_WARN_UNUSED_VARIABLE = YES;
				IPHONEOS_DEPLOYMENT_TARGET = 12.2;
				MTL_ENABLE_DEBUG_INFO = NO;
				MTL_FAST_MATH = YES;
				SDKROOT = iphoneos;
				VALIDATE_PRODUCT = YES;
				VERSIONING_SYSTEM = "apple-generic";
				VERSION_INFO_PREFIX = "";
			};
			name = Release;
		};
		001B1B912296B2DF009FB748 /* Debug */ = {
			isa = XCBuildConfiguration;
			buildSettings = {
				CODE_SIGN_IDENTITY = "";
				CODE_SIGN_STYLE = Automatic;
				DEFINES_MODULE = YES;
				DYLIB_COMPATIBILITY_VERSION = 1;
				DYLIB_CURRENT_VERSION = 1;
				DYLIB_INSTALL_NAME_BASE = "@rpath";
				INFOPLIST_FILE = SensorsSDK/Info.plist;
				INSTALL_PATH = "$(LOCAL_LIBRARY_DIR)/Frameworks";
				LD_RUNPATH_SEARCH_PATHS = (
					"$(inherited)",
					"@executable_path/Frameworks",
					"@loader_path/Frameworks",
				);
				PRODUCT_BUNDLE_IDENTIFIER = com.wangzhzh.SensorsSDK;
				PRODUCT_NAME = "$(TARGET_NAME:c99extidentifier)";
				SKIP_INSTALL = YES;
				TARGETED_DEVICE_FAMILY = "1,2";
			};
			name = Debug;
		};
		001B1B922296B2DF009FB748 /* Release */ = {
			isa = XCBuildConfiguration;
			buildSettings = {
				CODE_SIGN_IDENTITY = "";
				CODE_SIGN_STYLE = Automatic;
				DEFINES_MODULE = YES;
				DYLIB_COMPATIBILITY_VERSION = 1;
				DYLIB_CURRENT_VERSION = 1;
				DYLIB_INSTALL_NAME_BASE = "@rpath";
				INFOPLIST_FILE = SensorsSDK/Info.plist;
				INSTALL_PATH = "$(LOCAL_LIBRARY_DIR)/Frameworks";
				LD_RUNPATH_SEARCH_PATHS = (
					"$(inherited)",
					"@executable_path/Frameworks",
					"@loader_path/Frameworks",
				);
				PRODUCT_BUNDLE_IDENTIFIER = com.wangzhzh.SensorsSDK;
				PRODUCT_NAME = "$(TARGET_NAME:c99extidentifier)";
				SKIP_INSTALL = YES;
				TARGETED_DEVICE_FAMILY = "1,2";
			};
			name = Release;
		};
		001B1B942296B2DF009FB748 /* Debug */ = {
			isa = XCBuildConfiguration;
			buildSettings = {
				CODE_SIGN_STYLE = Automatic;
				INFOPLIST_FILE = SensorsSDKTests/Info.plist;
				LD_RUNPATH_SEARCH_PATHS = (
					"$(inherited)",
					"@executable_path/Frameworks",
					"@loader_path/Frameworks",
				);
				PRODUCT_BUNDLE_IDENTIFIER = com.wangzhzh.SensorsSDKTests;
				PRODUCT_NAME = "$(TARGET_NAME)";
				TARGETED_DEVICE_FAMILY = "1,2";
			};
			name = Debug;
		};
		001B1B952296B2DF009FB748 /* Release */ = {
			isa = XCBuildConfiguration;
			buildSettings = {
				CODE_SIGN_STYLE = Automatic;
				INFOPLIST_FILE = SensorsSDKTests/Info.plist;
				LD_RUNPATH_SEARCH_PATHS = (
					"$(inherited)",
					"@executable_path/Frameworks",
					"@loader_path/Frameworks",
				);
				PRODUCT_BUNDLE_IDENTIFIER = com.wangzhzh.SensorsSDKTests;
				PRODUCT_NAME = "$(TARGET_NAME)";
				TARGETED_DEVICE_FAMILY = "1,2";
			};
			name = Release;
		};
		886467D92359CF0400CE580C /* Debug */ = {
			isa = XCBuildConfiguration;
			buildSettings = {
				CODE_SIGN_STYLE = Automatic;
				DEFINES_MODULE = YES;
				DEVELOPMENT_TEAM = 75FYWDWHL5;
				DYLIB_COMPATIBILITY_VERSION = 1;
				DYLIB_CURRENT_VERSION = 1;
				DYLIB_INSTALL_NAME_BASE = "@rpath";
				INFOPLIST_FILE = SensorsAppExtensionSDK/Info.plist;
				INSTALL_PATH = "$(LOCAL_LIBRARY_DIR)/Frameworks";
				IPHONEOS_DEPLOYMENT_TARGET = 13.1;
				LD_RUNPATH_SEARCH_PATHS = (
					"$(inherited)",
					"@executable_path/Frameworks",
					"@loader_path/Frameworks",
				);
				PRODUCT_BUNDLE_IDENTIFIER = cn.sensorsdata.SensorsAppExtensionSDK;
				PRODUCT_NAME = "$(TARGET_NAME:c99extidentifier)";
				SKIP_INSTALL = YES;
				TARGETED_DEVICE_FAMILY = "1,2";
			};
			name = Debug;
		};
		886467DA2359CF0400CE580C /* Release */ = {
			isa = XCBuildConfiguration;
			buildSettings = {
				CODE_SIGN_STYLE = Automatic;
				DEFINES_MODULE = YES;
				DEVELOPMENT_TEAM = 75FYWDWHL5;
				DYLIB_COMPATIBILITY_VERSION = 1;
				DYLIB_CURRENT_VERSION = 1;
				DYLIB_INSTALL_NAME_BASE = "@rpath";
				INFOPLIST_FILE = SensorsAppExtensionSDK/Info.plist;
				INSTALL_PATH = "$(LOCAL_LIBRARY_DIR)/Frameworks";
				IPHONEOS_DEPLOYMENT_TARGET = 13.1;
				LD_RUNPATH_SEARCH_PATHS = (
					"$(inherited)",
					"@executable_path/Frameworks",
					"@loader_path/Frameworks",
				);
				PRODUCT_BUNDLE_IDENTIFIER = cn.sensorsdata.SensorsAppExtensionSDK;
				PRODUCT_NAME = "$(TARGET_NAME:c99extidentifier)";
				SKIP_INSTALL = YES;
				TARGETED_DEVICE_FAMILY = "1,2";
			};
			name = Release;
		};
		886467DC2359CF0400CE580C /* Debug */ = {
			isa = XCBuildConfiguration;
			buildSettings = {
				CODE_SIGN_STYLE = Automatic;
				DEVELOPMENT_TEAM = 75FYWDWHL5;
				INFOPLIST_FILE = SensorsAppExtensionSDKTests/Info.plist;
				IPHONEOS_DEPLOYMENT_TARGET = 13.1;
				LD_RUNPATH_SEARCH_PATHS = (
					"$(inherited)",
					"@executable_path/Frameworks",
					"@loader_path/Frameworks",
				);
				PRODUCT_BUNDLE_IDENTIFIER = cn.sensorsdata.SensorsAppExtensionSDKTests;
				PRODUCT_NAME = "$(TARGET_NAME)";
				TARGETED_DEVICE_FAMILY = "1,2";
			};
			name = Debug;
		};
		886467DD2359CF0400CE580C /* Release */ = {
			isa = XCBuildConfiguration;
			buildSettings = {
				CODE_SIGN_STYLE = Automatic;
				DEVELOPMENT_TEAM = 75FYWDWHL5;
				INFOPLIST_FILE = SensorsAppExtensionSDKTests/Info.plist;
				IPHONEOS_DEPLOYMENT_TARGET = 13.1;
				LD_RUNPATH_SEARCH_PATHS = (
					"$(inherited)",
					"@executable_path/Frameworks",
					"@loader_path/Frameworks",
				);
				PRODUCT_BUNDLE_IDENTIFIER = cn.sensorsdata.SensorsAppExtensionSDKTests;
				PRODUCT_NAME = "$(TARGET_NAME)";
				TARGETED_DEVICE_FAMILY = "1,2";
			};
			name = Release;
		};
/* End XCBuildConfiguration section */

/* Begin XCConfigurationList section */
		001B1B762296B2DF009FB748 /* Build configuration list for PBXProject "SensorsSDK" */ = {
			isa = XCConfigurationList;
			buildConfigurations = (
				001B1B8E2296B2DF009FB748 /* Debug */,
				001B1B8F2296B2DF009FB748 /* Release */,
			);
			defaultConfigurationIsVisible = 0;
			defaultConfigurationName = Release;
		};
		001B1B902296B2DF009FB748 /* Build configuration list for PBXNativeTarget "SensorsSDK" */ = {
			isa = XCConfigurationList;
			buildConfigurations = (
				001B1B912296B2DF009FB748 /* Debug */,
				001B1B922296B2DF009FB748 /* Release */,
			);
			defaultConfigurationIsVisible = 0;
			defaultConfigurationName = Release;
		};
		001B1B932296B2DF009FB748 /* Build configuration list for PBXNativeTarget "SensorsSDKTests" */ = {
			isa = XCConfigurationList;
			buildConfigurations = (
				001B1B942296B2DF009FB748 /* Debug */,
				001B1B952296B2DF009FB748 /* Release */,
			);
			defaultConfigurationIsVisible = 0;
			defaultConfigurationName = Release;
		};
		886467D82359CF0400CE580C /* Build configuration list for PBXNativeTarget "SensorsAppExtensionSDK" */ = {
			isa = XCConfigurationList;
			buildConfigurations = (
				886467D92359CF0400CE580C /* Debug */,
				886467DA2359CF0400CE580C /* Release */,
			);
			defaultConfigurationIsVisible = 0;
			defaultConfigurationName = Release;
		};
		886467DB2359CF0400CE580C /* Build configuration list for PBXNativeTarget "SensorsAppExtensionSDKTests" */ = {
			isa = XCConfigurationList;
			buildConfigurations = (
				886467DC2359CF0400CE580C /* Debug */,
				886467DD2359CF0400CE580C /* Release */,
			);
			defaultConfigurationIsVisible = 0;
			defaultConfigurationName = Release;
		};
/* End XCConfigurationList section */
	};
	rootObject = 001B1B732296B2DF009FB748 /* Project object */;
}
