// !$*UTF8*$!
{
	archiveVersion = 1;
	classes = {
	};
	objectVersion = 50;
	objects = {

/* Begin PBXBuildFile section */
		8871A0B72385242A00B575EF /* SensorsDataWebViewViewController.m in Sources */ = {isa = PBXBuildFile; fileRef = 8871A0AE2385242A00B575EF /* SensorsDataWebViewViewController.m */; };
		8871A0B82385242A00B575EF /* SensorsDataReleaseObject.m in Sources */ = {isa = PBXBuildFile; fileRef = 8871A0AF2385242A00B575EF /* SensorsDataReleaseObject.m */; settings = {COMPILER_FLAGS = "-fno-objc-arc"; }; };
		8871A0B92385242A00B575EF /* sensorsdata.html in Resources */ = {isa = PBXBuildFile; fileRef = 8871A0B02385242A00B575EF /* sensorsdata.html */; };
		8871A0BA2385242A00B575EF /* SensorDataCollectionViewController.m in Sources */ = {isa = PBXBuildFile; fileRef = 8871A0B42385242A00B575EF /* SensorDataCollectionViewController.m */; };
		8871A0BB2385242A00B575EF /* SensorsDataTableViewController.m in Sources */ = {isa = PBXBuildFile; fileRef = 8871A0B52385242A00B575EF /* SensorsDataTableViewController.m */; };
		889C2C3D2372D1E2008FC64D /* AppDelegate.m in Sources */ = {isa = PBXBuildFile; fileRef = 889C2C3C2372D1E2008FC64D /* AppDelegate.m */; };
		889C2C432372D1E2008FC64D /* ViewController.m in Sources */ = {isa = PBXBuildFile; fileRef = 889C2C422372D1E2008FC64D /* ViewController.m */; };
		889C2C462372D1E2008FC64D /* Main.storyboard in Resources */ = {isa = PBXBuildFile; fileRef = 889C2C442372D1E2008FC64D /* Main.storyboard */; };
		889C2C482372D1E7008FC64D /* Assets.xcassets in Resources */ = {isa = PBXBuildFile; fileRef = 889C2C472372D1E7008FC64D /* Assets.xcassets */; };
		889C2C4B2372D1E7008FC64D /* LaunchScreen.storyboard in Resources */ = {isa = PBXBuildFile; fileRef = 889C2C492372D1E7008FC64D /* LaunchScreen.storyboard */; };
		889C2C4E2372D1E7008FC64D /* main.m in Sources */ = {isa = PBXBuildFile; fileRef = 889C2C4D2372D1E7008FC64D /* main.m */; };
		889C2C582372D1E8008FC64D /* DemoTests.m in Sources */ = {isa = PBXBuildFile; fileRef = 889C2C572372D1E8008FC64D /* DemoTests.m */; };
		889C2C632372D1E8008FC64D /* DemoUITests.m in Sources */ = {isa = PBXBuildFile; fileRef = 889C2C622372D1E8008FC64D /* DemoUITests.m */; };
		889C2C722372D271008FC64D /* SensorsSDK.framework in Frameworks */ = {isa = PBXBuildFile; fileRef = 889C2C712372D271008FC64D /* SensorsSDK.framework */; };
		889C2C732372D271008FC64D /* SensorsSDK.framework in Embed Frameworks */ = {isa = PBXBuildFile; fileRef = 889C2C712372D271008FC64D /* SensorsSDK.framework */; settings = {ATTRIBUTES = (CodeSignOnCopy, RemoveHeadersOnCopy, ); }; };
/* End PBXBuildFile section */

/* Begin PBXContainerItemProxy section */
		889C2C542372D1E8008FC64D /* PBXContainerItemProxy */ = {
			isa = PBXContainerItemProxy;
			containerPortal = 889C2C302372D1E2008FC64D /* Project object */;
			proxyType = 1;
			remoteGlobalIDString = 889C2C372372D1E2008FC64D;
			remoteInfo = Demo;
		};
		889C2C5F2372D1E8008FC64D /* PBXContainerItemProxy */ = {
			isa = PBXContainerItemProxy;
			containerPortal = 889C2C302372D1E2008FC64D /* Project object */;
			proxyType = 1;
			remoteGlobalIDString = 889C2C372372D1E2008FC64D;
			remoteInfo = Demo;
		};
/* End PBXContainerItemProxy section */

/* Begin PBXCopyFilesBuildPhase section */
		889C2C742372D271008FC64D /* Embed Frameworks */ = {
			isa = PBXCopyFilesBuildPhase;
			buildActionMask = 2147483647;
			dstPath = "";
			dstSubfolderSpec = 10;
			files = (
				889C2C732372D271008FC64D /* SensorsSDK.framework in Embed Frameworks */,
			);
			name = "Embed Frameworks";
			runOnlyForDeploymentPostprocessing = 0;
		};
/* End PBXCopyFilesBuildPhase section */

/* Begin PBXFileReference section */
		8871A0AE2385242A00B575EF /* SensorsDataWebViewViewController.m */ = {isa = PBXFileReference; fileEncoding = 4; lastKnownFileType = sourcecode.c.objc; path = SensorsDataWebViewViewController.m; sourceTree = "<group>"; };
		8871A0AF2385242A00B575EF /* SensorsDataReleaseObject.m */ = {isa = PBXFileReference; fileEncoding = 4; lastKnownFileType = sourcecode.c.objc; path = SensorsDataReleaseObject.m; sourceTree = "<group>"; };
		8871A0B02385242A00B575EF /* sensorsdata.html */ = {isa = PBXFileReference; fileEncoding = 4; lastKnownFileType = text.html; path = sensorsdata.html; sourceTree = "<group>"; };
		8871A0B12385242A00B575EF /* SensorDataCollectionViewController.h */ = {isa = PBXFileReference; fileEncoding = 4; lastKnownFileType = sourcecode.c.h; path = SensorDataCollectionViewController.h; sourceTree = "<group>"; };
		8871A0B22385242A00B575EF /* SensorsDataTableViewController.h */ = {isa = PBXFileReference; fileEncoding = 4; lastKnownFileType = sourcecode.c.h; path = SensorsDataTableViewController.h; sourceTree = "<group>"; };
		8871A0B32385242A00B575EF /* SensorsDataReleaseObject.h */ = {isa = PBXFileReference; fileEncoding = 4; lastKnownFileType = sourcecode.c.h; path = SensorsDataReleaseObject.h; sourceTree = "<group>"; };
		8871A0B42385242A00B575EF /* SensorDataCollectionViewController.m */ = {isa = PBXFileReference; fileEncoding = 4; lastKnownFileType = sourcecode.c.objc; path = SensorDataCollectionViewController.m; sourceTree = "<group>"; };
		8871A0B52385242A00B575EF /* SensorsDataTableViewController.m */ = {isa = PBXFileReference; fileEncoding = 4; lastKnownFileType = sourcecode.c.objc; path = SensorsDataTableViewController.m; sourceTree = "<group>"; };
		8871A0B62385242A00B575EF /* SensorsDataWebViewViewController.h */ = {isa = PBXFileReference; fileEncoding = 4; lastKnownFileType = sourcecode.c.h; path = SensorsDataWebViewViewController.h; sourceTree = "<group>"; };
		889C2C382372D1E2008FC64D /* Demo.app */ = {isa = PBXFileReference; explicitFileType = wrapper.application; includeInIndex = 0; path = Demo.app; sourceTree = BUILT_PRODUCTS_DIR; };
		889C2C3B2372D1E2008FC64D /* AppDelegate.h */ = {isa = PBXFileReference; lastKnownFileType = sourcecode.c.h; path = AppDelegate.h; sourceTree = "<group>"; };
		889C2C3C2372D1E2008FC64D /* AppDelegate.m */ = {isa = PBXFileReference; lastKnownFileType = sourcecode.c.objc; path = AppDelegate.m; sourceTree = "<group>"; };
		889C2C412372D1E2008FC64D /* ViewController.h */ = {isa = PBXFileReference; lastKnownFileType = sourcecode.c.h; path = ViewController.h; sourceTree = "<group>"; };
		889C2C422372D1E2008FC64D /* ViewController.m */ = {isa = PBXFileReference; lastKnownFileType = sourcecode.c.objc; path = ViewController.m; sourceTree = "<group>"; };
		889C2C452372D1E2008FC64D /* Base */ = {isa = PBXFileReference; lastKnownFileType = file.storyboard; name = Base; path = Base.lproj/Main.storyboard; sourceTree = "<group>"; };
		889C2C472372D1E7008FC64D /* Assets.xcassets */ = {isa = PBXFileReference; lastKnownFileType = folder.assetcatalog; path = Assets.xcassets; sourceTree = "<group>"; };
		889C2C4A2372D1E7008FC64D /* Base */ = {isa = PBXFileReference; lastKnownFileType = file.storyboard; name = Base; path = Base.lproj/LaunchScreen.storyboard; sourceTree = "<group>"; };
		889C2C4C2372D1E7008FC64D /* Info.plist */ = {isa = PBXFileReference; lastKnownFileType = text.plist.xml; path = Info.plist; sourceTree = "<group>"; };
		889C2C4D2372D1E7008FC64D /* main.m */ = {isa = PBXFileReference; lastKnownFileType = sourcecode.c.objc; path = main.m; sourceTree = "<group>"; };
		889C2C532372D1E8008FC64D /* DemoTests.xctest */ = {isa = PBXFileReference; explicitFileType = wrapper.cfbundle; includeInIndex = 0; path = DemoTests.xctest; sourceTree = BUILT_PRODUCTS_DIR; };
		889C2C572372D1E8008FC64D /* DemoTests.m */ = {isa = PBXFileReference; lastKnownFileType = sourcecode.c.objc; path = DemoTests.m; sourceTree = "<group>"; };
		889C2C592372D1E8008FC64D /* Info.plist */ = {isa = PBXFileReference; lastKnownFileType = text.plist.xml; path = Info.plist; sourceTree = "<group>"; };
		889C2C5E2372D1E8008FC64D /* DemoUITests.xctest */ = {isa = PBXFileReference; explicitFileType = wrapper.cfbundle; includeInIndex = 0; path = DemoUITests.xctest; sourceTree = BUILT_PRODUCTS_DIR; };
		889C2C622372D1E8008FC64D /* DemoUITests.m */ = {isa = PBXFileReference; lastKnownFileType = sourcecode.c.objc; path = DemoUITests.m; sourceTree = "<group>"; };
		889C2C642372D1E8008FC64D /* Info.plist */ = {isa = PBXFileReference; lastKnownFileType = text.plist.xml; path = Info.plist; sourceTree = "<group>"; };
		889C2C712372D271008FC64D /* SensorsSDK.framework */ = {isa = PBXFileReference; explicitFileType = wrapper.framework; path = SensorsSDK.framework; sourceTree = BUILT_PRODUCTS_DIR; };
/* End PBXFileReference section */

/* Begin PBXFrameworksBuildPhase section */
		889C2C352372D1E2008FC64D /* Frameworks */ = {
			isa = PBXFrameworksBuildPhase;
			buildActionMask = 2147483647;
			files = (
				889C2C722372D271008FC64D /* SensorsSDK.framework in Frameworks */,
			);
			runOnlyForDeploymentPostprocessing = 0;
		};
		889C2C502372D1E8008FC64D /* Frameworks */ = {
			isa = PBXFrameworksBuildPhase;
			buildActionMask = 2147483647;
			files = (
			);
			runOnlyForDeploymentPostprocessing = 0;
		};
		889C2C5B2372D1E8008FC64D /* Frameworks */ = {
			isa = PBXFrameworksBuildPhase;
			buildActionMask = 2147483647;
			files = (
			);
			runOnlyForDeploymentPostprocessing = 0;
		};
/* End PBXFrameworksBuildPhase section */

/* Begin PBXGroup section */
		889C2C2F2372D1E2008FC64D = {
			isa = PBXGroup;
			children = (
				889C2C3A2372D1E2008FC64D /* Demo */,
				889C2C562372D1E8008FC64D /* DemoTests */,
				889C2C612372D1E8008FC64D /* DemoUITests */,
				889C2C392372D1E2008FC64D /* Products */,
				889C2C702372D271008FC64D /* Frameworks */,
			);
			sourceTree = "<group>";
		};
		889C2C392372D1E2008FC64D /* Products */ = {
			isa = PBXGroup;
			children = (
				889C2C382372D1E2008FC64D /* Demo.app */,
				889C2C532372D1E8008FC64D /* DemoTests.xctest */,
				889C2C5E2372D1E8008FC64D /* DemoUITests.xctest */,
			);
			name = Products;
			sourceTree = "<group>";
		};
		889C2C3A2372D1E2008FC64D /* Demo */ = {
			isa = PBXGroup;
			children = (
				889C2C3B2372D1E2008FC64D /* AppDelegate.h */,
				889C2C3C2372D1E2008FC64D /* AppDelegate.m */,
				889C2C412372D1E2008FC64D /* ViewController.h */,
				889C2C422372D1E2008FC64D /* ViewController.m */,
				8871A0B12385242A00B575EF /* SensorDataCollectionViewController.h */,
				8871A0B42385242A00B575EF /* SensorDataCollectionViewController.m */,
				8871A0B02385242A00B575EF /* sensorsdata.html */,
				8871A0B32385242A00B575EF /* SensorsDataReleaseObject.h */,
				8871A0AF2385242A00B575EF /* SensorsDataReleaseObject.m */,
				8871A0B22385242A00B575EF /* SensorsDataTableViewController.h */,
				8871A0B52385242A00B575EF /* SensorsDataTableViewController.m */,
				8871A0B62385242A00B575EF /* SensorsDataWebViewViewController.h */,
				8871A0AE2385242A00B575EF /* SensorsDataWebViewViewController.m */,
				889C2C442372D1E2008FC64D /* Main.storyboard */,
				889C2C472372D1E7008FC64D /* Assets.xcassets */,
				889C2C492372D1E7008FC64D /* LaunchScreen.storyboard */,
				889C2C4C2372D1E7008FC64D /* Info.plist */,
				889C2C4D2372D1E7008FC64D /* main.m */,
			);
			path = Demo;
			sourceTree = "<group>";
		};
		889C2C562372D1E8008FC64D /* DemoTests */ = {
			isa = PBXGroup;
			children = (
				889C2C572372D1E8008FC64D /* DemoTests.m */,
				889C2C592372D1E8008FC64D /* Info.plist */,
			);
			path = DemoTests;
			sourceTree = "<group>";
		};
		889C2C612372D1E8008FC64D /* DemoUITests */ = {
			isa = PBXGroup;
			children = (
				889C2C622372D1E8008FC64D /* DemoUITests.m */,
				889C2C642372D1E8008FC64D /* Info.plist */,
			);
			path = DemoUITests;
			sourceTree = "<group>";
		};
		889C2C702372D271008FC64D /* Frameworks */ = {
			isa = PBXGroup;
			children = (
				889C2C712372D271008FC64D /* SensorsSDK.framework */,
			);
			name = Frameworks;
			sourceTree = "<group>";
		};
/* End PBXGroup section */

/* Begin PBXNativeTarget section */
		889C2C372372D1E2008FC64D /* Demo */ = {
			isa = PBXNativeTarget;
			buildConfigurationList = 889C2C672372D1E8008FC64D /* Build configuration list for PBXNativeTarget "Demo" */;
			buildPhases = (
				889C2C342372D1E2008FC64D /* Sources */,
				889C2C352372D1E2008FC64D /* Frameworks */,
				889C2C362372D1E2008FC64D /* Resources */,
				889C2C742372D271008FC64D /* Embed Frameworks */,
			);
			buildRules = (
			);
			dependencies = (
			);
			name = Demo;
			productName = Demo;
			productReference = 889C2C382372D1E2008FC64D /* Demo.app */;
			productType = "com.apple.product-type.application";
		};
		889C2C522372D1E8008FC64D /* DemoTests */ = {
			isa = PBXNativeTarget;
			buildConfigurationList = 889C2C6A2372D1E8008FC64D /* Build configuration list for PBXNativeTarget "DemoTests" */;
			buildPhases = (
				889C2C4F2372D1E8008FC64D /* Sources */,
				889C2C502372D1E8008FC64D /* Frameworks */,
				889C2C512372D1E8008FC64D /* Resources */,
			);
			buildRules = (
			);
			dependencies = (
				889C2C552372D1E8008FC64D /* PBXTargetDependency */,
			);
			name = DemoTests;
			productName = DemoTests;
			productReference = 889C2C532372D1E8008FC64D /* DemoTests.xctest */;
			productType = "com.apple.product-type.bundle.unit-test";
		};
		889C2C5D2372D1E8008FC64D /* DemoUITests */ = {
			isa = PBXNativeTarget;
			buildConfigurationList = 889C2C6D2372D1E8008FC64D /* Build configuration list for PBXNativeTarget "DemoUITests" */;
			buildPhases = (
				889C2C5A2372D1E8008FC64D /* Sources */,
				889C2C5B2372D1E8008FC64D /* Frameworks */,
				889C2C5C2372D1E8008FC64D /* Resources */,
			);
			buildRules = (
			);
			dependencies = (
				889C2C602372D1E8008FC64D /* PBXTargetDependency */,
			);
			name = DemoUITests;
			productName = DemoUITests;
			productReference = 889C2C5E2372D1E8008FC64D /* DemoUITests.xctest */;
			productType = "com.apple.product-type.bundle.ui-testing";
		};
/* End PBXNativeTarget section */

/* Begin PBXProject section */
		889C2C302372D1E2008FC64D /* Project object */ = {
			isa = PBXProject;
			attributes = {
				LastUpgradeCheck = 1120;
				ORGANIZATIONNAME = SensorsData;
				TargetAttributes = {
					889C2C372372D1E2008FC64D = {
						CreatedOnToolsVersion = 11.2;
					};
					889C2C522372D1E8008FC64D = {
						CreatedOnToolsVersion = 11.2;
						TestTargetID = 889C2C372372D1E2008FC64D;
					};
					889C2C5D2372D1E8008FC64D = {
						CreatedOnToolsVersion = 11.2;
						TestTargetID = 889C2C372372D1E2008FC64D;
					};
				};
			};
			buildConfigurationList = 889C2C332372D1E2008FC64D /* Build configuration list for PBXProject "Demo" */;
			compatibilityVersion = "Xcode 9.3";
			developmentRegion = en;
			hasScannedForEncodings = 0;
			knownRegions = (
				en,
				Base,
			);
			mainGroup = 889C2C2F2372D1E2008FC64D;
			productRefGroup = 889C2C392372D1E2008FC64D /* Products */;
			projectDirPath = "";
			projectRoot = "";
			targets = (
				889C2C372372D1E2008FC64D /* Demo */,
				889C2C522372D1E8008FC64D /* DemoTests */,
				889C2C5D2372D1E8008FC64D /* DemoUITests */,
			);
		};
/* End PBXProject section */

/* Begin PBXResourcesBuildPhase section */
		889C2C362372D1E2008FC64D /* Resources */ = {
			isa = PBXResourcesBuildPhase;
			buildActionMask = 2147483647;
			files = (
				889C2C4B2372D1E7008FC64D /* LaunchScreen.storyboard in Resources */,
				889C2C482372D1E7008FC64D /* Assets.xcassets in Resources */,
				8871A0B92385242A00B575EF /* sensorsdata.html in Resources */,
				889C2C462372D1E2008FC64D /* Main.storyboard in Resources */,
			);
			runOnlyForDeploymentPostprocessing = 0;
		};
		889C2C512372D1E8008FC64D /* Resources */ = {
			isa = PBXResourcesBuildPhase;
			buildActionMask = 2147483647;
			files = (
			);
			runOnlyForDeploymentPostprocessing = 0;
		};
		889C2C5C2372D1E8008FC64D /* Resources */ = {
			isa = PBXResourcesBuildPhase;
			buildActionMask = 2147483647;
			files = (
			);
			runOnlyForDeploymentPostprocessing = 0;
		};
/* End PBXResourcesBuildPhase section */

/* Begin PBXSourcesBuildPhase section */
		889C2C342372D1E2008FC64D /* Sources */ = {
			isa = PBXSourcesBuildPhase;
			buildActionMask = 2147483647;
			files = (
				8871A0BA2385242A00B575EF /* SensorDataCollectionViewController.m in Sources */,
				8871A0B72385242A00B575EF /* SensorsDataWebViewViewController.m in Sources */,
				8871A0BB2385242A00B575EF /* SensorsDataTableViewController.m in Sources */,
				889C2C432372D1E2008FC64D /* ViewController.m in Sources */,
				889C2C3D2372D1E2008FC64D /* AppDelegate.m in Sources */,
				889C2C4E2372D1E7008FC64D /* main.m in Sources */,
				8871A0B82385242A00B575EF /* SensorsDataReleaseObject.m in Sources */,
			);
			runOnlyForDeploymentPostprocessing = 0;
		};
		889C2C4F2372D1E8008FC64D /* Sources */ = {
			isa = PBXSourcesBuildPhase;
			buildActionMask = 2147483647;
			files = (
				889C2C582372D1E8008FC64D /* DemoTests.m in Sources */,
			);
			runOnlyForDeploymentPostprocessing = 0;
		};
		889C2C5A2372D1E8008FC64D /* Sources */ = {
			isa = PBXSourcesBuildPhase;
			buildActionMask = 2147483647;
			files = (
				889C2C632372D1E8008FC64D /* DemoUITests.m in Sources */,
			);
			runOnlyForDeploymentPostprocessing = 0;
		};
/* End PBXSourcesBuildPhase section */

/* Begin PBXTargetDependency section */
		889C2C552372D1E8008FC64D /* PBXTargetDependency */ = {
			isa = PBXTargetDependency;
			target = 889C2C372372D1E2008FC64D /* Demo */;
			targetProxy = 889C2C542372D1E8008FC64D /* PBXContainerItemProxy */;
		};
		889C2C602372D1E8008FC64D /* PBXTargetDependency */ = {
			isa = PBXTargetDependency;
			target = 889C2C372372D1E2008FC64D /* Demo */;
			targetProxy = 889C2C5F2372D1E8008FC64D /* PBXContainerItemProxy */;
		};
/* End PBXTargetDependency section */

/* Begin PBXVariantGroup section */
		889C2C442372D1E2008FC64D /* Main.storyboard */ = {
			isa = PBXVariantGroup;
			children = (
				889C2C452372D1E2008FC64D /* Base */,
			);
			name = Main.storyboard;
			sourceTree = "<group>";
		};
		889C2C492372D1E7008FC64D /* LaunchScreen.storyboard */ = {
			isa = PBXVariantGroup;
			children = (
				889C2C4A2372D1E7008FC64D /* Base */,
			);
			name = LaunchScreen.storyboard;
			sourceTree = "<group>";
		};
/* End PBXVariantGroup section */

/* Begin XCBuildConfiguration section */
		889C2C652372D1E8008FC64D /* Debug */ = {
			isa = XCBuildConfiguration;
			buildSettings = {
				ALWAYS_SEARCH_USER_PATHS = NO;
				CLANG_ANALYZER_NONNULL = YES;
				CLANG_ANALYZER_NUMBER_OBJECT_CONVERSION = YES_AGGRESSIVE;
				CLANG_CXX_LANGUAGE_STANDARD = "gnu++14";
				CLANG_CXX_LIBRARY = "libc++";
				CLANG_ENABLE_MODULES = YES;
				CLANG_ENABLE_OBJC_ARC = YES;
				CLANG_ENABLE_OBJC_WEAK = YES;
				CLANG_WARN_BLOCK_CAPTURE_AUTORELEASING = YES;
				CLANG_WARN_BOOL_CONVERSION = YES;
				CLANG_WARN_COMMA = YES;
				CLANG_WARN_CONSTANT_CONVERSION = YES;
				CLANG_WARN_DEPRECATED_OBJC_IMPLEMENTATIONS = YES;
				CLANG_WARN_DIRECT_OBJC_ISA_USAGE = YES_ERROR;
				CLANG_WARN_DOCUMENTATION_COMMENTS = YES;
				CLANG_WARN_EMPTY_BODY = YES;
				CLANG_WARN_ENUM_CONVERSION = YES;
				CLANG_WARN_INFINITE_RECURSION = YES;
				CLANG_WARN_INT_CONVERSION = YES;
				CLANG_WARN_NON_LITERAL_NULL_CONVERSION = YES;
				CLANG_WARN_OBJC_IMPLICIT_RETAIN_SELF = YES;
				CLANG_WARN_OBJC_LITERAL_CONVERSION = YES;
				CLANG_WARN_OBJC_ROOT_CLASS = YES_ERROR;
				CLANG_WARN_RANGE_LOOP_ANALYSIS = YES;
				CLANG_WARN_STRICT_PROTOTYPES = YES;
				CLANG_WARN_SUSPICIOUS_MOVE = YES;
				CLANG_WARN_UNGUARDED_AVAILABILITY = YES_AGGRESSIVE;
				CLANG_WARN_UNREACHABLE_CODE = YES;
				CLANG_WARN__DUPLICATE_METHOD_MATCH = YES;
				COPY_PHASE_STRIP = NO;
				DEBUG_INFORMATION_FORMAT = dwarf;
				ENABLE_STRICT_OBJC_MSGSEND = YES;
				ENABLE_TESTABILITY = YES;
				GCC_C_LANGUAGE_STANDARD = gnu11;
				GCC_DYNAMIC_NO_PIC = NO;
				GCC_NO_COMMON_BLOCKS = YES;
				GCC_OPTIMIZATION_LEVEL = 0;
				GCC_PREPROCESSOR_DEFINITIONS = (
					"DEBUG=1",
					"$(inherited)",
				);
				GCC_WARN_64_TO_32_BIT_CONVERSION = YES;
				GCC_WARN_ABOUT_RETURN_TYPE = YES_ERROR;
				GCC_WARN_UNDECLARED_SELECTOR = YES;
				GCC_WARN_UNINITIALIZED_AUTOS = YES_AGGRESSIVE;
				GCC_WARN_UNUSED_FUNCTION = YES;
				GCC_WARN_UNUSED_VARIABLE = YES;
				IPHONEOS_DEPLOYMENT_TARGET = 13.2;
				MTL_ENABLE_DEBUG_INFO = INCLUDE_SOURCE;
				MTL_FAST_MATH = YES;
				ONLY_ACTIVE_ARCH = YES;
				SDKROOT = iphoneos;
			};
			name = Debug;
		};
		889C2C662372D1E8008FC64D /* Release */ = {
			isa = XCBuildConfiguration;
			buildSettings = {
				ALWAYS_SEARCH_USER_PATHS = NO;
				CLANG_ANALYZER_NONNULL = YES;
				CLANG_ANALYZER_NUMBER_OBJECT_CONVERSION = YES_AGGRESSIVE;
				CLANG_CXX_LANGUAGE_STANDARD = "gnu++14";
				CLANG_CXX_LIBRARY = "libc++";
				CLANG_ENABLE_MODULES = YES;
				CLANG_ENABLE_OBJC_ARC = YES;
				CLANG_ENABLE_OBJC_WEAK = YES;
				CLANG_WARN_BLOCK_CAPTURE_AUTORELEASING = YES;
				CLANG_WARN_BOOL_CONVERSION = YES;
				CLANG_WARN_COMMA = YES;
				CLANG_WARN_CONSTANT_CONVERSION = YES;
				CLANG_WARN_DEPRECATED_OBJC_IMPLEMENTATIONS = YES;
				CLANG_WARN_DIRECT_OBJC_ISA_USAGE = YES_ERROR;
				CLANG_WARN_DOCUMENTATION_COMMENTS = YES;
				CLANG_WARN_EMPTY_BODY = YES;
				CLANG_WARN_ENUM_CONVERSION = YES;
				CLANG_WARN_INFINITE_RECURSION = YES;
				CLANG_WARN_INT_CONVERSION = YES;
				CLANG_WARN_NON_LITERAL_NULL_CONVERSION = YES;
				CLANG_WARN_OBJC_IMPLICIT_RETAIN_SELF = YES;
				CLANG_WARN_OBJC_LITERAL_CONVERSION = YES;
				CLANG_WARN_OBJC_ROOT_CLASS = YES_ERROR;
				CLANG_WARN_RANGE_LOOP_ANALYSIS = YES;
				CLANG_WARN_STRICT_PROTOTYPES = YES;
				CLANG_WARN_SUSPICIOUS_MOVE = YES;
				CLANG_WARN_UNGUARDED_AVAILABILITY = YES_AGGRESSIVE;
				CLANG_WARN_UNREACHABLE_CODE = YES;
				CLANG_WARN__DUPLICATE_METHOD_MATCH = YES;
				COPY_PHASE_STRIP = NO;
				DEBUG_INFORMATION_FORMAT = "dwarf-with-dsym";
				ENABLE_NS_ASSERTIONS = NO;
				ENABLE_STRICT_OBJC_MSGSEND = YES;
				GCC_C_LANGUAGE_STANDARD = gnu11;
				GCC_NO_COMMON_BLOCKS = YES;
				GCC_WARN_64_TO_32_BIT_CONVERSION = YES;
				GCC_WARN_ABOUT_RETURN_TYPE = YES_ERROR;
				GCC_WARN_UNDECLARED_SELECTOR = YES;
				GCC_WARN_UNINITIALIZED_AUTOS = YES_AGGRESSIVE;
				GCC_WARN_UNUSED_FUNCTION = YES;
				GCC_WARN_UNUSED_VARIABLE = YES;
				IPHONEOS_DEPLOYMENT_TARGET = 13.2;
				MTL_ENABLE_DEBUG_INFO = NO;
				MTL_FAST_MATH = YES;
				SDKROOT = iphoneos;
				VALIDATE_PRODUCT = YES;
			};
			name = Release;
		};
		889C2C682372D1E8008FC64D /* Debug */ = {
			isa = XCBuildConfiguration;
			buildSettings = {
				ASSETCATALOG_COMPILER_APPICON_NAME = AppIcon;
				CODE_SIGN_STYLE = Automatic;
				DEVELOPMENT_TEAM = 75FYWDWHL5;
				INFOPLIST_FILE = Demo/Info.plist;
				LD_RUNPATH_SEARCH_PATHS = (
					"$(inherited)",
					"@executable_path/Frameworks",
				);
				PRODUCT_BUNDLE_IDENTIFIER = cn.sensorsdata.Demo;
				PRODUCT_NAME = "$(TARGET_NAME)";
				TARGETED_DEVICE_FAMILY = "1,2";
			};
			name = Debug;
		};
		889C2C692372D1E8008FC64D /* Release */ = {
			isa = XCBuildConfiguration;
			buildSettings = {
				ASSETCATALOG_COMPILER_APPICON_NAME = AppIcon;
				CODE_SIGN_STYLE = Automatic;
				DEVELOPMENT_TEAM = 75FYWDWHL5;
				INFOPLIST_FILE = Demo/Info.plist;
				LD_RUNPATH_SEARCH_PATHS = (
					"$(inherited)",
					"@executable_path/Frameworks",
				);
				PRODUCT_BUNDLE_IDENTIFIER = cn.sensorsdata.Demo;
				PRODUCT_NAME = "$(TARGET_NAME)";
				TARGETED_DEVICE_FAMILY = "1,2";
			};
			name = Release;
		};
		889C2C6B2372D1E8008FC64D /* Debug */ = {
			isa = XCBuildConfiguration;
			buildSettings = {
				BUNDLE_LOADER = "$(TEST_HOST)";
				CODE_SIGN_STYLE = Automatic;
				DEVELOPMENT_TEAM = 75FYWDWHL5;
				INFOPLIST_FILE = DemoTests/Info.plist;
				IPHONEOS_DEPLOYMENT_TARGET = 13.2;
				LD_RUNPATH_SEARCH_PATHS = (
					"$(inherited)",
					"@executable_path/Frameworks",
					"@loader_path/Frameworks",
				);
				PRODUCT_BUNDLE_IDENTIFIER = cn.sensorsdata.DemoTests;
				PRODUCT_NAME = "$(TARGET_NAME)";
				TARGETED_DEVICE_FAMILY = "1,2";
				TEST_HOST = "$(BUILT_PRODUCTS_DIR)/Demo.app/Demo";
			};
			name = Debug;
		};
		889C2C6C2372D1E8008FC64D /* Release */ = {
			isa = XCBuildConfiguration;
			buildSettings = {
				BUNDLE_LOADER = "$(TEST_HOST)";
				CODE_SIGN_STYLE = Automatic;
				DEVELOPMENT_TEAM = 75FYWDWHL5;
				INFOPLIST_FILE = DemoTests/Info.plist;
				IPHONEOS_DEPLOYMENT_TARGET = 13.2;
				LD_RUNPATH_SEARCH_PATHS = (
					"$(inherited)",
					"@executable_path/Frameworks",
					"@loader_path/Frameworks",
				);
				PRODUCT_BUNDLE_IDENTIFIER = cn.sensorsdata.DemoTests;
				PRODUCT_NAME = "$(TARGET_NAME)";
				TARGETED_DEVICE_FAMILY = "1,2";
				TEST_HOST = "$(BUILT_PRODUCTS_DIR)/Demo.app/Demo";
			};
			name = Release;
		};
		889C2C6E2372D1E8008FC64D /* Debug */ = {
			isa = XCBuildConfiguration;
			buildSettings = {
				CODE_SIGN_STYLE = Automatic;
				DEVELOPMENT_TEAM = 75FYWDWHL5;
				INFOPLIST_FILE = DemoUITests/Info.plist;
				LD_RUNPATH_SEARCH_PATHS = (
					"$(inherited)",
					"@executable_path/Frameworks",
					"@loader_path/Frameworks",
				);
				PRODUCT_BUNDLE_IDENTIFIER = cn.sensorsdata.DemoUITests;
				PRODUCT_NAME = "$(TARGET_NAME)";
				TARGETED_DEVICE_FAMILY = "1,2";
				TEST_TARGET_NAME = Demo;
			};
			name = Debug;
		};
		889C2C6F2372D1E8008FC64D /* Release */ = {
			isa = XCBuildConfiguration;
			buildSettings = {
				CODE_SIGN_STYLE = Automatic;
				DEVELOPMENT_TEAM = 75FYWDWHL5;
				INFOPLIST_FILE = DemoUITests/Info.plist;
				LD_RUNPATH_SEARCH_PATHS = (
					"$(inherited)",
					"@executable_path/Frameworks",
					"@loader_path/Frameworks",
				);
				PRODUCT_BUNDLE_IDENTIFIER = cn.sensorsdata.DemoUITests;
				PRODUCT_NAME = "$(TARGET_NAME)";
				TARGETED_DEVICE_FAMILY = "1,2";
				TEST_TARGET_NAME = Demo;
			};
			name = Release;
		};
/* End XCBuildConfiguration section */

/* Begin XCConfigurationList section */
		889C2C332372D1E2008FC64D /* Build configuration list for PBXProject "Demo" */ = {
			isa = XCConfigurationList;
			buildConfigurations = (
				889C2C652372D1E8008FC64D /* Debug */,
				889C2C662372D1E8008FC64D /* Release */,
			);
			defaultConfigurationIsVisible = 0;
			defaultConfigurationName = Release;
		};
		889C2C672372D1E8008FC64D /* Build configuration list for PBXNativeTarget "Demo" */ = {
			isa = XCConfigurationList;
			buildConfigurations = (
				889C2C682372D1E8008FC64D /* Debug */,
				889C2C692372D1E8008FC64D /* Release */,
			);
			defaultConfigurationIsVisible = 0;
			defaultConfigurationName = Release;
		};
		889C2C6A2372D1E8008FC64D /* Build configuration list for PBXNativeTarget "DemoTests" */ = {
			isa = XCConfigurationList;
			buildConfigurations = (
				889C2C6B2372D1E8008FC64D /* Debug */,
				889C2C6C2372D1E8008FC64D /* Release */,
			);
			defaultConfigurationIsVisible = 0;
			defaultConfigurationName = Release;
		};
		889C2C6D2372D1E8008FC64D /* Build configuration list for PBXNativeTarget "DemoUITests" */ = {
			isa = XCConfigurationList;
			buildConfigurations = (
				889C2C6E2372D1E8008FC64D /* Debug */,
				889C2C6F2372D1E8008FC64D /* Release */,
			);
			defaultConfigurationIsVisible = 0;
			defaultConfigurationName = Release;
		};
/* End XCConfigurationList section */
	};
	rootObject = 889C2C302372D1E2008FC64D /* Project object */;
}
